
Microsoft Visual Studio Solution File, Format Version 12.00
# Visual Studio 2013
VisualStudioVersion = 12.0.40629.0
MinimumVisualStudioVersion = 10.0.40219.1
Project("{FAE04EC0-301F-11D3-BF4B-00C04F79EFBC}") = "WurmAssistant2", "WurmAssistant2\WurmAssistant2.csproj", "{61F1FEBB-E029-421E-AC7B-2AD690481263}"
	ProjectSection(ProjectDependencies) = postProject
		{715B9853-77F8-4B08-B68C-635C06BCB931} = {715B9853-77F8-4B08-B68C-635C06BCB931}
	EndProjectSection
EndProject
Project("{FAE04EC0-301F-11D3-BF4B-00C04F79EFBC}") = "HSLColor", "HSLColor\HSLColor\HSLColor.csproj", "{A0582342-9C11-42E4-B8B3-9A2FF003CE57}"
EndProject
Project("{FAE04EC0-301F-11D3-BF4B-00C04F79EFBC}") = "LabelAutowrap", "LabelAutowrap\LabelAutowrap.csproj", "{DB1DA2F1-9EC8-4D87-B82E-230E1F4CB788}"
EndProject
Project("{FAE04EC0-301F-11D3-BF4B-00C04F79EFBC}") = "ListViewNF", "ListViewNF\ListViewNF.csproj", "{BD067AFD-A43A-43B7-A5DB-4046B225D2FE}"
EndProject
Project("{FAE04EC0-301F-11D3-BF4B-00C04F79EFBC}") = "ObjectListView2010", "ObjectListView\ObjectListView\ObjectListView2010.csproj", "{18FEDA0C-D147-4286-B39A-01204808106A}"
EndProject
Project("{FAE04EC0-301F-11D3-BF4B-00C04F79EFBC}") = "TimeSpanInput", "TimeSpanInput\TimeSpanInput.csproj", "{CF27F44E-BB28-46F1-ABC7-90C332F7A880}"
EndProject
Project("{FAE04EC0-301F-11D3-BF4B-00C04F79EFBC}") = "Utility", "Utility\Utility.csproj", "{05F47F92-65AB-4067-BEA7-603BD5FB96F1}"
EndProject
Project("{FAE04EC0-301F-11D3-BF4B-00C04F79EFBC}") = "WurmUtils", "WurmUtils\WurmUtils.csproj", "{AD7B3D41-714A-4905-A0E8-1CEC609684E7}"
EndProject
Project("{FAE04EC0-301F-11D3-BF4B-00C04F79EFBC}") = "PublishRobot", "PublishRobot\PublishRobot\PublishRobot.csproj", "{715B9853-77F8-4B08-B68C-635C06BCB931}"
EndProject
Project("{FAE04EC0-301F-11D3-BF4B-00C04F79EFBC}") = "NotificationWindow", "NotificationWindow\NotificationWindow.csproj", "{605006EB-D4E6-4312-A293-3A43FAC43240}"
EndProject
Project("{FAE04EC0-301F-11D3-BF4B-00C04F79EFBC}") = "WurmAssistantLauncher", "WurmAssistantLauncher\WurmAssistantLauncher.csproj", "{9F6E530A-4B87-4C95-9CA7-6A74E7C1EA32}"
EndProject
Project("{FAE04EC0-301F-11D3-BF4B-00C04F79EFBC}") = "WurmAssistantMutexBarrier", "WurmAssistantMutexBarrier\WurmAssistantMutexBarrier.csproj", "{47400663-BB43-4963-90F7-935A90D0F0A0}"
EndProject
Project("{FAE04EC0-301F-11D3-BF4B-00C04F79EFBC}") = "Spellbook40", "Spellbook40\Spellbook40.csproj", "{E2EE1D96-3C4E-4BB9-BDF1-35151C62F0A0}"
EndProject
Project("{FAE04EC0-301F-11D3-BF4B-00C04F79EFBC}") = "Persistent40", "Persistent40Lite\Persistent40.csproj", "{D0F857EB-807D-4586-BB92-1E24E52610EB}"
EndProject
Project("{FAE04EC0-301F-11D3-BF4B-00C04F79EFBC}") = "Persistent40.Test", "Persistent40Lite.Test\Persistent40.Test.csproj", "{99A67563-CF9C-4629-B819-C164CF299DCC}"
EndProject
Project("{FAE04EC0-301F-11D3-BF4B-00C04F79EFBC}") = "Spellbook40.WPF", "Spellbook40.WPF\Spellbook40.WPF.csproj", "{85B0001F-70C0-4C09-BBA2-9C5861EF5F8D}"
EndProject
Project("{2150E333-8FDC-42A3-9474-1A3956D46DE8}") = "Launcher", "Launcher", "{0C6C1E8D-0B6F-48F8-A24F-2AD77BD721CD}"
EndProject
Project("{2150E333-8FDC-42A3-9474-1A3956D46DE8}") = "Core", "Core", "{47AF0E68-0BE1-4F8A-81DC-7F44A62541DC}"
EndProject
Project("{2150E333-8FDC-42A3-9474-1A3956D46DE8}") = "Utilities", "Utilities", "{49F37C7E-52B8-4E16-B8F8-AE4ABF1D3A07}"
EndProject
Project("{2150E333-8FDC-42A3-9474-1A3956D46DE8}") = "Build", "Build", "{5B5A9575-62C9-40A9-8FF2-6036D5EC1634}"
EndProject
Project("{2150E333-8FDC-42A3-9474-1A3956D46DE8}") = "DataTransfer", "DataTransfer", "{74A6E026-6487-41F2-A886-1221BE2E0081}"
EndProject
Project("{FAE04EC0-301F-11D3-BF4B-00C04F79EFBC}") = "WurmAssistantDataTransfer", "WurmAssistantDataTransfer\WurmAssistantDataTransfer\WurmAssistantDataTransfer\WurmAssistantDataTransfer.csproj", "{C2591795-C58C-4B9A-A1DD-38669C0B0B3D}"
EndProject
Project("{FAE04EC0-301F-11D3-BF4B-00C04F79EFBC}") = "WurmAssistantDataTransfer.Dtos", "WurmAssistantDataTransfer\WurmAssistantDataTransfer\WurmAssistantDataTransfer.Dtos\WurmAssistantDataTransfer.Dtos.csproj", "{C8867A15-9144-48FD-8816-0283FDB38C6B}"
EndProject
Project("{2150E333-8FDC-42A3-9474-1A3956D46DE8}") = ".nuget", ".nuget", "{777CFFAA-CC0D-439D-B393-1328C1F042B4}"
	ProjectSection(SolutionItems) = preProject
		.nuget\NuGet.Config = .nuget\NuGet.Config
		.nuget\NuGet.exe = .nuget\NuGet.exe
		.nuget\NuGet.targets = .nuget\NuGet.targets
	EndProjectSection
EndProject
Global
	GlobalSection(SolutionConfigurationPlatforms) = preSolution
		AlphaDebug|Any CPU = AlphaDebug|Any CPU
		AlphaDebug|Mixed Platforms = AlphaDebug|Mixed Platforms
		AlphaDebug|x64 = AlphaDebug|x64
		AlphaDebug|x86 = AlphaDebug|x86
		AlphaRelease|Any CPU = AlphaRelease|Any CPU
		AlphaRelease|Mixed Platforms = AlphaRelease|Mixed Platforms
		AlphaRelease|x64 = AlphaRelease|x64
		AlphaRelease|x86 = AlphaRelease|x86
		Beta|Any CPU = Beta|Any CPU
		Beta|Mixed Platforms = Beta|Mixed Platforms
		Beta|x64 = Beta|x64
		Beta|x86 = Beta|x86
		Debug|Any CPU = Debug|Any CPU
		Debug|Mixed Platforms = Debug|Mixed Platforms
		Debug|x64 = Debug|x64
		Debug|x86 = Debug|x86
		Publish|Any CPU = Publish|Any CPU
		Publish|Mixed Platforms = Publish|Mixed Platforms
		Publish|x64 = Publish|x64
		Publish|x86 = Publish|x86
		Release|Any CPU = Release|Any CPU
		Release|Mixed Platforms = Release|Mixed Platforms
		Release|x64 = Release|x64
		Release|x86 = Release|x86
		Stable|Any CPU = Stable|Any CPU
		Stable|Mixed Platforms = Stable|Mixed Platforms
		Stable|x64 = Stable|x64
		Stable|x86 = Stable|x86
	EndGlobalSection
	GlobalSection(ProjectConfigurationPlatforms) = postSolution
		{61F1FEBB-E029-421E-AC7B-2AD690481263}.AlphaDebug|Any CPU.ActiveCfg = Debug|Any CPU
		{61F1FEBB-E029-421E-AC7B-2AD690481263}.AlphaDebug|Any CPU.Build.0 = Debug|Any CPU
		{61F1FEBB-E029-421E-AC7B-2AD690481263}.AlphaDebug|Mixed Platforms.ActiveCfg = Debug|Any CPU
		{61F1FEBB-E029-421E-AC7B-2AD690481263}.AlphaDebug|Mixed Platforms.Build.0 = Debug|Any CPU
		{61F1FEBB-E029-421E-AC7B-2AD690481263}.AlphaDebug|x64.ActiveCfg = Debug|Any CPU
		{61F1FEBB-E029-421E-AC7B-2AD690481263}.AlphaDebug|x86.ActiveCfg = Debug|Any CPU
		{61F1FEBB-E029-421E-AC7B-2AD690481263}.AlphaRelease|Any CPU.ActiveCfg = Release|Any CPU
		{61F1FEBB-E029-421E-AC7B-2AD690481263}.AlphaRelease|Any CPU.Build.0 = Release|Any CPU
		{61F1FEBB-E029-421E-AC7B-2AD690481263}.AlphaRelease|Mixed Platforms.ActiveCfg = Release|Any CPU
		{61F1FEBB-E029-421E-AC7B-2AD690481263}.AlphaRelease|Mixed Platforms.Build.0 = Release|Any CPU
		{61F1FEBB-E029-421E-AC7B-2AD690481263}.AlphaRelease|x64.ActiveCfg = Release|Any CPU
		{61F1FEBB-E029-421E-AC7B-2AD690481263}.AlphaRelease|x86.ActiveCfg = Release|Any CPU
		{61F1FEBB-E029-421E-AC7B-2AD690481263}.Beta|Any CPU.ActiveCfg = Beta|Any CPU
		{61F1FEBB-E029-421E-AC7B-2AD690481263}.Beta|Any CPU.Build.0 = Beta|Any CPU
		{61F1FEBB-E029-421E-AC7B-2AD690481263}.Beta|Mixed Platforms.ActiveCfg = Release|Any CPU
		{61F1FEBB-E029-421E-AC7B-2AD690481263}.Beta|Mixed Platforms.Build.0 = Release|Any CPU
		{61F1FEBB-E029-421E-AC7B-2AD690481263}.Beta|x64.ActiveCfg = Release|Any CPU
		{61F1FEBB-E029-421E-AC7B-2AD690481263}.Beta|x86.ActiveCfg = Release|Any CPU
		{61F1FEBB-E029-421E-AC7B-2AD690481263}.Debug|Any CPU.ActiveCfg = Debug|Any CPU
		{61F1FEBB-E029-421E-AC7B-2AD690481263}.Debug|Any CPU.Build.0 = Debug|Any CPU
		{61F1FEBB-E029-421E-AC7B-2AD690481263}.Debug|Mixed Platforms.ActiveCfg = Debug|Any CPU
		{61F1FEBB-E029-421E-AC7B-2AD690481263}.Debug|Mixed Platforms.Build.0 = Debug|Any CPU
		{61F1FEBB-E029-421E-AC7B-2AD690481263}.Debug|x64.ActiveCfg = Debug|Any CPU
		{61F1FEBB-E029-421E-AC7B-2AD690481263}.Debug|x86.ActiveCfg = Debug|Any CPU
		{61F1FEBB-E029-421E-AC7B-2AD690481263}.Publish|Any CPU.ActiveCfg = Stable|Any CPU
		{61F1FEBB-E029-421E-AC7B-2AD690481263}.Publish|Any CPU.Build.0 = Stable|Any CPU
		{61F1FEBB-E029-421E-AC7B-2AD690481263}.Publish|Mixed Platforms.ActiveCfg = Stable|Any CPU
		{61F1FEBB-E029-421E-AC7B-2AD690481263}.Publish|Mixed Platforms.Build.0 = Stable|Any CPU
		{61F1FEBB-E029-421E-AC7B-2AD690481263}.Publish|x64.ActiveCfg = Stable|Any CPU
		{61F1FEBB-E029-421E-AC7B-2AD690481263}.Publish|x86.ActiveCfg = Stable|Any CPU
		{61F1FEBB-E029-421E-AC7B-2AD690481263}.Release|Any CPU.ActiveCfg = Release|Any CPU
		{61F1FEBB-E029-421E-AC7B-2AD690481263}.Release|Any CPU.Build.0 = Release|Any CPU
		{61F1FEBB-E029-421E-AC7B-2AD690481263}.Release|Mixed Platforms.ActiveCfg = Release|Any CPU
		{61F1FEBB-E029-421E-AC7B-2AD690481263}.Release|Mixed Platforms.Build.0 = Release|Any CPU
		{61F1FEBB-E029-421E-AC7B-2AD690481263}.Release|x64.ActiveCfg = Release|Any CPU
		{61F1FEBB-E029-421E-AC7B-2AD690481263}.Release|x86.ActiveCfg = Release|Any CPU
		{61F1FEBB-E029-421E-AC7B-2AD690481263}.Stable|Any CPU.ActiveCfg = Stable|Any CPU
		{61F1FEBB-E029-421E-AC7B-2AD690481263}.Stable|Any CPU.Build.0 = Stable|Any CPU
		{61F1FEBB-E029-421E-AC7B-2AD690481263}.Stable|Mixed Platforms.ActiveCfg = Stable|Any CPU
		{61F1FEBB-E029-421E-AC7B-2AD690481263}.Stable|Mixed Platforms.Build.0 = Stable|Any CPU
		{61F1FEBB-E029-421E-AC7B-2AD690481263}.Stable|x64.ActiveCfg = Stable|Any CPU
		{61F1FEBB-E029-421E-AC7B-2AD690481263}.Stable|x86.ActiveCfg = Stable|Any CPU
		{A0582342-9C11-42E4-B8B3-9A2FF003CE57}.AlphaDebug|Any CPU.ActiveCfg = Debug|Any CPU
		{A0582342-9C11-42E4-B8B3-9A2FF003CE57}.AlphaDebug|Any CPU.Build.0 = Debug|Any CPU
		{A0582342-9C11-42E4-B8B3-9A2FF003CE57}.AlphaDebug|Mixed Platforms.ActiveCfg = Debug|Any CPU
		{A0582342-9C11-42E4-B8B3-9A2FF003CE57}.AlphaDebug|Mixed Platforms.Build.0 = Debug|Any CPU
		{A0582342-9C11-42E4-B8B3-9A2FF003CE57}.AlphaDebug|x64.ActiveCfg = Debug|Any CPU
		{A0582342-9C11-42E4-B8B3-9A2FF003CE57}.AlphaDebug|x86.ActiveCfg = Debug|Any CPU
		{A0582342-9C11-42E4-B8B3-9A2FF003CE57}.AlphaRelease|Any CPU.ActiveCfg = Release|Any CPU
		{A0582342-9C11-42E4-B8B3-9A2FF003CE57}.AlphaRelease|Any CPU.Build.0 = Release|Any CPU
		{A0582342-9C11-42E4-B8B3-9A2FF003CE57}.AlphaRelease|Mixed Platforms.ActiveCfg = Release|Any CPU
		{A0582342-9C11-42E4-B8B3-9A2FF003CE57}.AlphaRelease|Mixed Platforms.Build.0 = Release|Any CPU
		{A0582342-9C11-42E4-B8B3-9A2FF003CE57}.AlphaRelease|x64.ActiveCfg = Release|Any CPU
		{A0582342-9C11-42E4-B8B3-9A2FF003CE57}.AlphaRelease|x86.ActiveCfg = Release|Any CPU
		{A0582342-9C11-42E4-B8B3-9A2FF003CE57}.Beta|Any CPU.ActiveCfg = Beta|Any CPU
		{A0582342-9C11-42E4-B8B3-9A2FF003CE57}.Beta|Any CPU.Build.0 = Beta|Any CPU
		{A0582342-9C11-42E4-B8B3-9A2FF003CE57}.Beta|Mixed Platforms.ActiveCfg = Release|Any CPU
		{A0582342-9C11-42E4-B8B3-9A2FF003CE57}.Beta|Mixed Platforms.Build.0 = Release|Any CPU
		{A0582342-9C11-42E4-B8B3-9A2FF003CE57}.Beta|x64.ActiveCfg = Release|Any CPU
		{A0582342-9C11-42E4-B8B3-9A2FF003CE57}.Beta|x86.ActiveCfg = Release|Any CPU
		{A0582342-9C11-42E4-B8B3-9A2FF003CE57}.Debug|Any CPU.ActiveCfg = Debug|Any CPU
		{A0582342-9C11-42E4-B8B3-9A2FF003CE57}.Debug|Any CPU.Build.0 = Debug|Any CPU
		{A0582342-9C11-42E4-B8B3-9A2FF003CE57}.Debug|Mixed Platforms.ActiveCfg = Debug|Any CPU
		{A0582342-9C11-42E4-B8B3-9A2FF003CE57}.Debug|Mixed Platforms.Build.0 = Debug|Any CPU
		{A0582342-9C11-42E4-B8B3-9A2FF003CE57}.Debug|x64.ActiveCfg = Debug|Any CPU
		{A0582342-9C11-42E4-B8B3-9A2FF003CE57}.Debug|x86.ActiveCfg = Debug|Any CPU
		{A0582342-9C11-42E4-B8B3-9A2FF003CE57}.Publish|Any CPU.ActiveCfg = Stable|Any CPU
		{A0582342-9C11-42E4-B8B3-9A2FF003CE57}.Publish|Any CPU.Build.0 = Stable|Any CPU
		{A0582342-9C11-42E4-B8B3-9A2FF003CE57}.Publish|Mixed Platforms.ActiveCfg = Stable|Any CPU
		{A0582342-9C11-42E4-B8B3-9A2FF003CE57}.Publish|Mixed Platforms.Build.0 = Stable|Any CPU
		{A0582342-9C11-42E4-B8B3-9A2FF003CE57}.Publish|x64.ActiveCfg = Stable|Any CPU
		{A0582342-9C11-42E4-B8B3-9A2FF003CE57}.Publish|x86.ActiveCfg = Stable|Any CPU
		{A0582342-9C11-42E4-B8B3-9A2FF003CE57}.Release|Any CPU.ActiveCfg = Release|Any CPU
		{A0582342-9C11-42E4-B8B3-9A2FF003CE57}.Release|Any CPU.Build.0 = Release|Any CPU
		{A0582342-9C11-42E4-B8B3-9A2FF003CE57}.Release|Mixed Platforms.ActiveCfg = Release|Any CPU
		{A0582342-9C11-42E4-B8B3-9A2FF003CE57}.Release|Mixed Platforms.Build.0 = Release|Any CPU
		{A0582342-9C11-42E4-B8B3-9A2FF003CE57}.Release|x64.ActiveCfg = Release|Any CPU
		{A0582342-9C11-42E4-B8B3-9A2FF003CE57}.Release|x86.ActiveCfg = Release|Any CPU
		{A0582342-9C11-42E4-B8B3-9A2FF003CE57}.Stable|Any CPU.ActiveCfg = Stable|Any CPU
		{A0582342-9C11-42E4-B8B3-9A2FF003CE57}.Stable|Any CPU.Build.0 = Stable|Any CPU
		{A0582342-9C11-42E4-B8B3-9A2FF003CE57}.Stable|Mixed Platforms.ActiveCfg = Stable|Any CPU
		{A0582342-9C11-42E4-B8B3-9A2FF003CE57}.Stable|Mixed Platforms.Build.0 = Stable|Any CPU
		{A0582342-9C11-42E4-B8B3-9A2FF003CE57}.Stable|x64.ActiveCfg = Stable|Any CPU
		{A0582342-9C11-42E4-B8B3-9A2FF003CE57}.Stable|x86.ActiveCfg = Stable|Any CPU
		{DB1DA2F1-9EC8-4D87-B82E-230E1F4CB788}.AlphaDebug|Any CPU.ActiveCfg = Debug|Any CPU
		{DB1DA2F1-9EC8-4D87-B82E-230E1F4CB788}.AlphaDebug|Any CPU.Build.0 = Debug|Any CPU
		{DB1DA2F1-9EC8-4D87-B82E-230E1F4CB788}.AlphaDebug|Mixed Platforms.ActiveCfg = Debug|Any CPU
		{DB1DA2F1-9EC8-4D87-B82E-230E1F4CB788}.AlphaDebug|Mixed Platforms.Build.0 = Debug|Any CPU
		{DB1DA2F1-9EC8-4D87-B82E-230E1F4CB788}.AlphaDebug|x64.ActiveCfg = Debug|Any CPU
		{DB1DA2F1-9EC8-4D87-B82E-230E1F4CB788}.AlphaDebug|x86.ActiveCfg = Debug|Any CPU
		{DB1DA2F1-9EC8-4D87-B82E-230E1F4CB788}.AlphaRelease|Any CPU.ActiveCfg = Release|Any CPU
		{DB1DA2F1-9EC8-4D87-B82E-230E1F4CB788}.AlphaRelease|Any CPU.Build.0 = Release|Any CPU
		{DB1DA2F1-9EC8-4D87-B82E-230E1F4CB788}.AlphaRelease|Mixed Platforms.ActiveCfg = Release|Any CPU
		{DB1DA2F1-9EC8-4D87-B82E-230E1F4CB788}.AlphaRelease|Mixed Platforms.Build.0 = Release|Any CPU
		{DB1DA2F1-9EC8-4D87-B82E-230E1F4CB788}.AlphaRelease|x64.ActiveCfg = Release|Any CPU
		{DB1DA2F1-9EC8-4D87-B82E-230E1F4CB788}.AlphaRelease|x86.ActiveCfg = Release|Any CPU
		{DB1DA2F1-9EC8-4D87-B82E-230E1F4CB788}.Beta|Any CPU.ActiveCfg = Beta|Any CPU
		{DB1DA2F1-9EC8-4D87-B82E-230E1F4CB788}.Beta|Any CPU.Build.0 = Beta|Any CPU
		{DB1DA2F1-9EC8-4D87-B82E-230E1F4CB788}.Beta|Mixed Platforms.ActiveCfg = Release|Any CPU
		{DB1DA2F1-9EC8-4D87-B82E-230E1F4CB788}.Beta|Mixed Platforms.Build.0 = Release|Any CPU
		{DB1DA2F1-9EC8-4D87-B82E-230E1F4CB788}.Beta|x64.ActiveCfg = Release|Any CPU
		{DB1DA2F1-9EC8-4D87-B82E-230E1F4CB788}.Beta|x86.ActiveCfg = Release|Any CPU
		{DB1DA2F1-9EC8-4D87-B82E-230E1F4CB788}.Debug|Any CPU.ActiveCfg = Debug|Any CPU
		{DB1DA2F1-9EC8-4D87-B82E-230E1F4CB788}.Debug|Any CPU.Build.0 = Debug|Any CPU
		{DB1DA2F1-9EC8-4D87-B82E-230E1F4CB788}.Debug|Mixed Platforms.ActiveCfg = Debug|Any CPU
		{DB1DA2F1-9EC8-4D87-B82E-230E1F4CB788}.Debug|Mixed Platforms.Build.0 = Debug|Any CPU
		{DB1DA2F1-9EC8-4D87-B82E-230E1F4CB788}.Debug|x64.ActiveCfg = Debug|Any CPU
		{DB1DA2F1-9EC8-4D87-B82E-230E1F4CB788}.Debug|x86.ActiveCfg = Debug|Any CPU
		{DB1DA2F1-9EC8-4D87-B82E-230E1F4CB788}.Publish|Any CPU.ActiveCfg = Stable|Any CPU
		{DB1DA2F1-9EC8-4D87-B82E-230E1F4CB788}.Publish|Any CPU.Build.0 = Stable|Any CPU
		{DB1DA2F1-9EC8-4D87-B82E-230E1F4CB788}.Publish|Mixed Platforms.ActiveCfg = Stable|Any CPU
		{DB1DA2F1-9EC8-4D87-B82E-230E1F4CB788}.Publish|Mixed Platforms.Build.0 = Stable|Any CPU
		{DB1DA2F1-9EC8-4D87-B82E-230E1F4CB788}.Publish|x64.ActiveCfg = Stable|Any CPU
		{DB1DA2F1-9EC8-4D87-B82E-230E1F4CB788}.Publish|x86.ActiveCfg = Stable|Any CPU
		{DB1DA2F1-9EC8-4D87-B82E-230E1F4CB788}.Release|Any CPU.ActiveCfg = Release|Any CPU
		{DB1DA2F1-9EC8-4D87-B82E-230E1F4CB788}.Release|Any CPU.Build.0 = Release|Any CPU
		{DB1DA2F1-9EC8-4D87-B82E-230E1F4CB788}.Release|Mixed Platforms.ActiveCfg = Release|Any CPU
		{DB1DA2F1-9EC8-4D87-B82E-230E1F4CB788}.Release|Mixed Platforms.Build.0 = Release|Any CPU
		{DB1DA2F1-9EC8-4D87-B82E-230E1F4CB788}.Release|x64.ActiveCfg = Release|Any CPU
		{DB1DA2F1-9EC8-4D87-B82E-230E1F4CB788}.Release|x86.ActiveCfg = Release|Any CPU
		{DB1DA2F1-9EC8-4D87-B82E-230E1F4CB788}.Stable|Any CPU.ActiveCfg = Stable|Any CPU
		{DB1DA2F1-9EC8-4D87-B82E-230E1F4CB788}.Stable|Any CPU.Build.0 = Stable|Any CPU
		{DB1DA2F1-9EC8-4D87-B82E-230E1F4CB788}.Stable|Mixed Platforms.ActiveCfg = Stable|Any CPU
		{DB1DA2F1-9EC8-4D87-B82E-230E1F4CB788}.Stable|Mixed Platforms.Build.0 = Stable|Any CPU
		{DB1DA2F1-9EC8-4D87-B82E-230E1F4CB788}.Stable|x64.ActiveCfg = Stable|Any CPU
		{DB1DA2F1-9EC8-4D87-B82E-230E1F4CB788}.Stable|x86.ActiveCfg = Stable|Any CPU
		{BD067AFD-A43A-43B7-A5DB-4046B225D2FE}.AlphaDebug|Any CPU.ActiveCfg = Debug|Any CPU
		{BD067AFD-A43A-43B7-A5DB-4046B225D2FE}.AlphaDebug|Any CPU.Build.0 = Debug|Any CPU
		{BD067AFD-A43A-43B7-A5DB-4046B225D2FE}.AlphaDebug|Mixed Platforms.ActiveCfg = Debug|Any CPU
		{BD067AFD-A43A-43B7-A5DB-4046B225D2FE}.AlphaDebug|Mixed Platforms.Build.0 = Debug|Any CPU
		{BD067AFD-A43A-43B7-A5DB-4046B225D2FE}.AlphaDebug|x64.ActiveCfg = Debug|Any CPU
		{BD067AFD-A43A-43B7-A5DB-4046B225D2FE}.AlphaDebug|x86.ActiveCfg = Debug|Any CPU
		{BD067AFD-A43A-43B7-A5DB-4046B225D2FE}.AlphaRelease|Any CPU.ActiveCfg = Release|Any CPU
		{BD067AFD-A43A-43B7-A5DB-4046B225D2FE}.AlphaRelease|Any CPU.Build.0 = Release|Any CPU
		{BD067AFD-A43A-43B7-A5DB-4046B225D2FE}.AlphaRelease|Mixed Platforms.ActiveCfg = Release|Any CPU
		{BD067AFD-A43A-43B7-A5DB-4046B225D2FE}.AlphaRelease|Mixed Platforms.Build.0 = Release|Any CPU
		{BD067AFD-A43A-43B7-A5DB-4046B225D2FE}.AlphaRelease|x64.ActiveCfg = Release|Any CPU
		{BD067AFD-A43A-43B7-A5DB-4046B225D2FE}.AlphaRelease|x86.ActiveCfg = Release|Any CPU
		{BD067AFD-A43A-43B7-A5DB-4046B225D2FE}.Beta|Any CPU.ActiveCfg = Beta|Any CPU
		{BD067AFD-A43A-43B7-A5DB-4046B225D2FE}.Beta|Any CPU.Build.0 = Beta|Any CPU
		{BD067AFD-A43A-43B7-A5DB-4046B225D2FE}.Beta|Mixed Platforms.ActiveCfg = Release|Any CPU
		{BD067AFD-A43A-43B7-A5DB-4046B225D2FE}.Beta|Mixed Platforms.Build.0 = Release|Any CPU
		{BD067AFD-A43A-43B7-A5DB-4046B225D2FE}.Beta|x64.ActiveCfg = Release|Any CPU
		{BD067AFD-A43A-43B7-A5DB-4046B225D2FE}.Beta|x86.ActiveCfg = Release|Any CPU
		{BD067AFD-A43A-43B7-A5DB-4046B225D2FE}.Debug|Any CPU.ActiveCfg = Debug|Any CPU
		{BD067AFD-A43A-43B7-A5DB-4046B225D2FE}.Debug|Any CPU.Build.0 = Debug|Any CPU
		{BD067AFD-A43A-43B7-A5DB-4046B225D2FE}.Debug|Mixed Platforms.ActiveCfg = Debug|Any CPU
		{BD067AFD-A43A-43B7-A5DB-4046B225D2FE}.Debug|Mixed Platforms.Build.0 = Debug|Any CPU
		{BD067AFD-A43A-43B7-A5DB-4046B225D2FE}.Debug|x64.ActiveCfg = Debug|Any CPU
		{BD067AFD-A43A-43B7-A5DB-4046B225D2FE}.Debug|x86.ActiveCfg = Debug|Any CPU
		{BD067AFD-A43A-43B7-A5DB-4046B225D2FE}.Publish|Any CPU.ActiveCfg = Stable|Any CPU
		{BD067AFD-A43A-43B7-A5DB-4046B225D2FE}.Publish|Any CPU.Build.0 = Stable|Any CPU
		{BD067AFD-A43A-43B7-A5DB-4046B225D2FE}.Publish|Mixed Platforms.ActiveCfg = Stable|Any CPU
		{BD067AFD-A43A-43B7-A5DB-4046B225D2FE}.Publish|Mixed Platforms.Build.0 = Stable|Any CPU
		{BD067AFD-A43A-43B7-A5DB-4046B225D2FE}.Publish|x64.ActiveCfg = Stable|Any CPU
		{BD067AFD-A43A-43B7-A5DB-4046B225D2FE}.Publish|x86.ActiveCfg = Stable|Any CPU
		{BD067AFD-A43A-43B7-A5DB-4046B225D2FE}.Release|Any CPU.ActiveCfg = Release|Any CPU
		{BD067AFD-A43A-43B7-A5DB-4046B225D2FE}.Release|Any CPU.Build.0 = Release|Any CPU
		{BD067AFD-A43A-43B7-A5DB-4046B225D2FE}.Release|Mixed Platforms.ActiveCfg = Release|Any CPU
		{BD067AFD-A43A-43B7-A5DB-4046B225D2FE}.Release|Mixed Platforms.Build.0 = Release|Any CPU
		{BD067AFD-A43A-43B7-A5DB-4046B225D2FE}.Release|x64.ActiveCfg = Release|Any CPU
		{BD067AFD-A43A-43B7-A5DB-4046B225D2FE}.Release|x86.ActiveCfg = Release|Any CPU
		{BD067AFD-A43A-43B7-A5DB-4046B225D2FE}.Stable|Any CPU.ActiveCfg = Stable|Any CPU
		{BD067AFD-A43A-43B7-A5DB-4046B225D2FE}.Stable|Any CPU.Build.0 = Stable|Any CPU
		{BD067AFD-A43A-43B7-A5DB-4046B225D2FE}.Stable|Mixed Platforms.ActiveCfg = Stable|Any CPU
		{BD067AFD-A43A-43B7-A5DB-4046B225D2FE}.Stable|Mixed Platforms.Build.0 = Stable|Any CPU
		{BD067AFD-A43A-43B7-A5DB-4046B225D2FE}.Stable|x64.ActiveCfg = Stable|Any CPU
		{BD067AFD-A43A-43B7-A5DB-4046B225D2FE}.Stable|x86.ActiveCfg = Stable|Any CPU
		{18FEDA0C-D147-4286-B39A-01204808106A}.AlphaDebug|Any CPU.ActiveCfg = Debug|Any CPU
		{18FEDA0C-D147-4286-B39A-01204808106A}.AlphaDebug|Any CPU.Build.0 = Debug|Any CPU
		{18FEDA0C-D147-4286-B39A-01204808106A}.AlphaDebug|Mixed Platforms.ActiveCfg = Debug|Any CPU
		{18FEDA0C-D147-4286-B39A-01204808106A}.AlphaDebug|Mixed Platforms.Build.0 = Debug|Any CPU
		{18FEDA0C-D147-4286-B39A-01204808106A}.AlphaDebug|x64.ActiveCfg = Debug|Any CPU
		{18FEDA0C-D147-4286-B39A-01204808106A}.AlphaDebug|x86.ActiveCfg = Debug|Any CPU
		{18FEDA0C-D147-4286-B39A-01204808106A}.AlphaRelease|Any CPU.ActiveCfg = Release|Any CPU
		{18FEDA0C-D147-4286-B39A-01204808106A}.AlphaRelease|Any CPU.Build.0 = Release|Any CPU
		{18FEDA0C-D147-4286-B39A-01204808106A}.AlphaRelease|Mixed Platforms.ActiveCfg = Release|Any CPU
		{18FEDA0C-D147-4286-B39A-01204808106A}.AlphaRelease|Mixed Platforms.Build.0 = Release|Any CPU
		{18FEDA0C-D147-4286-B39A-01204808106A}.AlphaRelease|x64.ActiveCfg = Release|Any CPU
		{18FEDA0C-D147-4286-B39A-01204808106A}.AlphaRelease|x86.ActiveCfg = Release|Any CPU
		{18FEDA0C-D147-4286-B39A-01204808106A}.Beta|Any CPU.ActiveCfg = Beta|Any CPU
		{18FEDA0C-D147-4286-B39A-01204808106A}.Beta|Any CPU.Build.0 = Beta|Any CPU
		{18FEDA0C-D147-4286-B39A-01204808106A}.Beta|Mixed Platforms.ActiveCfg = Release|Any CPU
		{18FEDA0C-D147-4286-B39A-01204808106A}.Beta|Mixed Platforms.Build.0 = Release|Any CPU
		{18FEDA0C-D147-4286-B39A-01204808106A}.Beta|x64.ActiveCfg = Release|Any CPU
		{18FEDA0C-D147-4286-B39A-01204808106A}.Beta|x86.ActiveCfg = Release|Any CPU
		{18FEDA0C-D147-4286-B39A-01204808106A}.Debug|Any CPU.ActiveCfg = Debug|Any CPU
		{18FEDA0C-D147-4286-B39A-01204808106A}.Debug|Any CPU.Build.0 = Debug|Any CPU
		{18FEDA0C-D147-4286-B39A-01204808106A}.Debug|Mixed Platforms.ActiveCfg = Debug|Any CPU
		{18FEDA0C-D147-4286-B39A-01204808106A}.Debug|Mixed Platforms.Build.0 = Debug|Any CPU
		{18FEDA0C-D147-4286-B39A-01204808106A}.Debug|x64.ActiveCfg = Debug|Any CPU
		{18FEDA0C-D147-4286-B39A-01204808106A}.Debug|x86.ActiveCfg = Debug|Any CPU
		{18FEDA0C-D147-4286-B39A-01204808106A}.Publish|Any CPU.ActiveCfg = Stable|Any CPU
		{18FEDA0C-D147-4286-B39A-01204808106A}.Publish|Any CPU.Build.0 = Stable|Any CPU
		{18FEDA0C-D147-4286-B39A-01204808106A}.Publish|Mixed Platforms.ActiveCfg = Stable|Any CPU
		{18FEDA0C-D147-4286-B39A-01204808106A}.Publish|Mixed Platforms.Build.0 = Stable|Any CPU
		{18FEDA0C-D147-4286-B39A-01204808106A}.Publish|x64.ActiveCfg = Stable|Any CPU
		{18FEDA0C-D147-4286-B39A-01204808106A}.Publish|x86.ActiveCfg = Stable|Any CPU
		{18FEDA0C-D147-4286-B39A-01204808106A}.Release|Any CPU.ActiveCfg = Release|Any CPU
		{18FEDA0C-D147-4286-B39A-01204808106A}.Release|Any CPU.Build.0 = Release|Any CPU
		{18FEDA0C-D147-4286-B39A-01204808106A}.Release|Mixed Platforms.ActiveCfg = Release|Any CPU
		{18FEDA0C-D147-4286-B39A-01204808106A}.Release|Mixed Platforms.Build.0 = Release|Any CPU
		{18FEDA0C-D147-4286-B39A-01204808106A}.Release|x64.ActiveCfg = Release|Any CPU
		{18FEDA0C-D147-4286-B39A-01204808106A}.Release|x86.ActiveCfg = Release|Any CPU
		{18FEDA0C-D147-4286-B39A-01204808106A}.Stable|Any CPU.ActiveCfg = Stable|Any CPU
		{18FEDA0C-D147-4286-B39A-01204808106A}.Stable|Any CPU.Build.0 = Stable|Any CPU
		{18FEDA0C-D147-4286-B39A-01204808106A}.Stable|Mixed Platforms.ActiveCfg = Stable|Any CPU
		{18FEDA0C-D147-4286-B39A-01204808106A}.Stable|Mixed Platforms.Build.0 = Stable|Any CPU
		{18FEDA0C-D147-4286-B39A-01204808106A}.Stable|x64.ActiveCfg = Stable|Any CPU
		{18FEDA0C-D147-4286-B39A-01204808106A}.Stable|x86.ActiveCfg = Stable|Any CPU
		{CF27F44E-BB28-46F1-ABC7-90C332F7A880}.AlphaDebug|Any CPU.ActiveCfg = Debug|Any CPU
		{CF27F44E-BB28-46F1-ABC7-90C332F7A880}.AlphaDebug|Any CPU.Build.0 = Debug|Any CPU
		{CF27F44E-BB28-46F1-ABC7-90C332F7A880}.AlphaDebug|Mixed Platforms.ActiveCfg = Debug|x86
		{CF27F44E-BB28-46F1-ABC7-90C332F7A880}.AlphaDebug|Mixed Platforms.Build.0 = Debug|x86
		{CF27F44E-BB28-46F1-ABC7-90C332F7A880}.AlphaDebug|x64.ActiveCfg = Debug|x64
		{CF27F44E-BB28-46F1-ABC7-90C332F7A880}.AlphaDebug|x64.Build.0 = Debug|x64
		{CF27F44E-BB28-46F1-ABC7-90C332F7A880}.AlphaDebug|x86.ActiveCfg = Debug|x86
		{CF27F44E-BB28-46F1-ABC7-90C332F7A880}.AlphaDebug|x86.Build.0 = Debug|x86
		{CF27F44E-BB28-46F1-ABC7-90C332F7A880}.AlphaRelease|Any CPU.ActiveCfg = Release|Any CPU
		{CF27F44E-BB28-46F1-ABC7-90C332F7A880}.AlphaRelease|Any CPU.Build.0 = Release|Any CPU
		{CF27F44E-BB28-46F1-ABC7-90C332F7A880}.AlphaRelease|Mixed Platforms.ActiveCfg = Release|x86
		{CF27F44E-BB28-46F1-ABC7-90C332F7A880}.AlphaRelease|Mixed Platforms.Build.0 = Release|x86
		{CF27F44E-BB28-46F1-ABC7-90C332F7A880}.AlphaRelease|x64.ActiveCfg = Beta|x64
		{CF27F44E-BB28-46F1-ABC7-90C332F7A880}.AlphaRelease|x64.Build.0 = Beta|x64
		{CF27F44E-BB28-46F1-ABC7-90C332F7A880}.AlphaRelease|x86.ActiveCfg = Beta|x86
		{CF27F44E-BB28-46F1-ABC7-90C332F7A880}.AlphaRelease|x86.Build.0 = Beta|x86
		{CF27F44E-BB28-46F1-ABC7-90C332F7A880}.Beta|Any CPU.ActiveCfg = Beta|Any CPU
		{CF27F44E-BB28-46F1-ABC7-90C332F7A880}.Beta|Any CPU.Build.0 = Beta|Any CPU
		{CF27F44E-BB28-46F1-ABC7-90C332F7A880}.Beta|Mixed Platforms.ActiveCfg = Release|x86
		{CF27F44E-BB28-46F1-ABC7-90C332F7A880}.Beta|Mixed Platforms.Build.0 = Release|x86
		{CF27F44E-BB28-46F1-ABC7-90C332F7A880}.Beta|x64.ActiveCfg = Release|x64
		{CF27F44E-BB28-46F1-ABC7-90C332F7A880}.Beta|x64.Build.0 = Release|x64
		{CF27F44E-BB28-46F1-ABC7-90C332F7A880}.Beta|x86.ActiveCfg = Release|x86
		{CF27F44E-BB28-46F1-ABC7-90C332F7A880}.Beta|x86.Build.0 = Release|x86
		{CF27F44E-BB28-46F1-ABC7-90C332F7A880}.Debug|Any CPU.ActiveCfg = Debug|Any CPU
		{CF27F44E-BB28-46F1-ABC7-90C332F7A880}.Debug|Any CPU.Build.0 = Debug|Any CPU
		{CF27F44E-BB28-46F1-ABC7-90C332F7A880}.Debug|Mixed Platforms.ActiveCfg = Debug|x86
		{CF27F44E-BB28-46F1-ABC7-90C332F7A880}.Debug|Mixed Platforms.Build.0 = Debug|x86
		{CF27F44E-BB28-46F1-ABC7-90C332F7A880}.Debug|x64.ActiveCfg = Debug|x64
		{CF27F44E-BB28-46F1-ABC7-90C332F7A880}.Debug|x64.Build.0 = Debug|x64
		{CF27F44E-BB28-46F1-ABC7-90C332F7A880}.Debug|x86.ActiveCfg = Debug|x86
		{CF27F44E-BB28-46F1-ABC7-90C332F7A880}.Debug|x86.Build.0 = Debug|x86
		{CF27F44E-BB28-46F1-ABC7-90C332F7A880}.Publish|Any CPU.ActiveCfg = Stable|Any CPU
		{CF27F44E-BB28-46F1-ABC7-90C332F7A880}.Publish|Any CPU.Build.0 = Stable|Any CPU
		{CF27F44E-BB28-46F1-ABC7-90C332F7A880}.Publish|Mixed Platforms.ActiveCfg = Stable|x86
		{CF27F44E-BB28-46F1-ABC7-90C332F7A880}.Publish|Mixed Platforms.Build.0 = Stable|x86
		{CF27F44E-BB28-46F1-ABC7-90C332F7A880}.Publish|x64.ActiveCfg = Stable|x64
		{CF27F44E-BB28-46F1-ABC7-90C332F7A880}.Publish|x64.Build.0 = Stable|x64
		{CF27F44E-BB28-46F1-ABC7-90C332F7A880}.Publish|x86.ActiveCfg = Stable|x86
		{CF27F44E-BB28-46F1-ABC7-90C332F7A880}.Publish|x86.Build.0 = Stable|x86
		{CF27F44E-BB28-46F1-ABC7-90C332F7A880}.Release|Any CPU.ActiveCfg = Release|Any CPU
		{CF27F44E-BB28-46F1-ABC7-90C332F7A880}.Release|Any CPU.Build.0 = Release|Any CPU
		{CF27F44E-BB28-46F1-ABC7-90C332F7A880}.Release|Mixed Platforms.ActiveCfg = Release|x86
		{CF27F44E-BB28-46F1-ABC7-90C332F7A880}.Release|Mixed Platforms.Build.0 = Release|x86
		{CF27F44E-BB28-46F1-ABC7-90C332F7A880}.Release|x64.ActiveCfg = Release|x64
		{CF27F44E-BB28-46F1-ABC7-90C332F7A880}.Release|x64.Build.0 = Release|x64
		{CF27F44E-BB28-46F1-ABC7-90C332F7A880}.Release|x86.ActiveCfg = Release|x86
		{CF27F44E-BB28-46F1-ABC7-90C332F7A880}.Release|x86.Build.0 = Release|x86
		{CF27F44E-BB28-46F1-ABC7-90C332F7A880}.Stable|Any CPU.ActiveCfg = Stable|Any CPU
		{CF27F44E-BB28-46F1-ABC7-90C332F7A880}.Stable|Any CPU.Build.0 = Stable|Any CPU
		{CF27F44E-BB28-46F1-ABC7-90C332F7A880}.Stable|Mixed Platforms.ActiveCfg = Stable|x86
		{CF27F44E-BB28-46F1-ABC7-90C332F7A880}.Stable|Mixed Platforms.Build.0 = Stable|x86
		{CF27F44E-BB28-46F1-ABC7-90C332F7A880}.Stable|x64.ActiveCfg = Stable|x64
		{CF27F44E-BB28-46F1-ABC7-90C332F7A880}.Stable|x64.Build.0 = Stable|x64
		{CF27F44E-BB28-46F1-ABC7-90C332F7A880}.Stable|x86.ActiveCfg = Stable|x86
		{CF27F44E-BB28-46F1-ABC7-90C332F7A880}.Stable|x86.Build.0 = Stable|x86
		{05F47F92-65AB-4067-BEA7-603BD5FB96F1}.AlphaDebug|Any CPU.ActiveCfg = Debug|Any CPU
		{05F47F92-65AB-4067-BEA7-603BD5FB96F1}.AlphaDebug|Any CPU.Build.0 = Debug|Any CPU
		{05F47F92-65AB-4067-BEA7-603BD5FB96F1}.AlphaDebug|Mixed Platforms.ActiveCfg = Debug|Any CPU
		{05F47F92-65AB-4067-BEA7-603BD5FB96F1}.AlphaDebug|Mixed Platforms.Build.0 = Debug|Any CPU
		{05F47F92-65AB-4067-BEA7-603BD5FB96F1}.AlphaDebug|x64.ActiveCfg = Debug|Any CPU
		{05F47F92-65AB-4067-BEA7-603BD5FB96F1}.AlphaDebug|x86.ActiveCfg = Debug|Any CPU
		{05F47F92-65AB-4067-BEA7-603BD5FB96F1}.AlphaRelease|Any CPU.ActiveCfg = Release|Any CPU
		{05F47F92-65AB-4067-BEA7-603BD5FB96F1}.AlphaRelease|Any CPU.Build.0 = Release|Any CPU
		{05F47F92-65AB-4067-BEA7-603BD5FB96F1}.AlphaRelease|Mixed Platforms.ActiveCfg = Release|Any CPU
		{05F47F92-65AB-4067-BEA7-603BD5FB96F1}.AlphaRelease|Mixed Platforms.Build.0 = Release|Any CPU
		{05F47F92-65AB-4067-BEA7-603BD5FB96F1}.AlphaRelease|x64.ActiveCfg = Release|Any CPU
		{05F47F92-65AB-4067-BEA7-603BD5FB96F1}.AlphaRelease|x86.ActiveCfg = Release|Any CPU
		{05F47F92-65AB-4067-BEA7-603BD5FB96F1}.Beta|Any CPU.ActiveCfg = Beta|Any CPU
		{05F47F92-65AB-4067-BEA7-603BD5FB96F1}.Beta|Any CPU.Build.0 = Beta|Any CPU
		{05F47F92-65AB-4067-BEA7-603BD5FB96F1}.Beta|Mixed Platforms.ActiveCfg = Release|Any CPU
		{05F47F92-65AB-4067-BEA7-603BD5FB96F1}.Beta|Mixed Platforms.Build.0 = Release|Any CPU
		{05F47F92-65AB-4067-BEA7-603BD5FB96F1}.Beta|x64.ActiveCfg = Release|Any CPU
		{05F47F92-65AB-4067-BEA7-603BD5FB96F1}.Beta|x86.ActiveCfg = Release|Any CPU
		{05F47F92-65AB-4067-BEA7-603BD5FB96F1}.Debug|Any CPU.ActiveCfg = Debug|Any CPU
		{05F47F92-65AB-4067-BEA7-603BD5FB96F1}.Debug|Any CPU.Build.0 = Debug|Any CPU
		{05F47F92-65AB-4067-BEA7-603BD5FB96F1}.Debug|Mixed Platforms.ActiveCfg = Debug|Any CPU
		{05F47F92-65AB-4067-BEA7-603BD5FB96F1}.Debug|Mixed Platforms.Build.0 = Debug|Any CPU
		{05F47F92-65AB-4067-BEA7-603BD5FB96F1}.Debug|x64.ActiveCfg = Debug|Any CPU
		{05F47F92-65AB-4067-BEA7-603BD5FB96F1}.Debug|x86.ActiveCfg = Debug|Any CPU
		{05F47F92-65AB-4067-BEA7-603BD5FB96F1}.Publish|Any CPU.ActiveCfg = Stable|Any CPU
		{05F47F92-65AB-4067-BEA7-603BD5FB96F1}.Publish|Any CPU.Build.0 = Stable|Any CPU
		{05F47F92-65AB-4067-BEA7-603BD5FB96F1}.Publish|Mixed Platforms.ActiveCfg = Stable|Any CPU
		{05F47F92-65AB-4067-BEA7-603BD5FB96F1}.Publish|Mixed Platforms.Build.0 = Stable|Any CPU
		{05F47F92-65AB-4067-BEA7-603BD5FB96F1}.Publish|x64.ActiveCfg = Stable|Any CPU
		{05F47F92-65AB-4067-BEA7-603BD5FB96F1}.Publish|x86.ActiveCfg = Stable|Any CPU
		{05F47F92-65AB-4067-BEA7-603BD5FB96F1}.Release|Any CPU.ActiveCfg = Release|Any CPU
		{05F47F92-65AB-4067-BEA7-603BD5FB96F1}.Release|Any CPU.Build.0 = Release|Any CPU
		{05F47F92-65AB-4067-BEA7-603BD5FB96F1}.Release|Mixed Platforms.ActiveCfg = Release|Any CPU
		{05F47F92-65AB-4067-BEA7-603BD5FB96F1}.Release|Mixed Platforms.Build.0 = Release|Any CPU
		{05F47F92-65AB-4067-BEA7-603BD5FB96F1}.Release|x64.ActiveCfg = Release|Any CPU
		{05F47F92-65AB-4067-BEA7-603BD5FB96F1}.Release|x86.ActiveCfg = Release|Any CPU
		{05F47F92-65AB-4067-BEA7-603BD5FB96F1}.Stable|Any CPU.ActiveCfg = Stable|Any CPU
		{05F47F92-65AB-4067-BEA7-603BD5FB96F1}.Stable|Any CPU.Build.0 = Stable|Any CPU
		{05F47F92-65AB-4067-BEA7-603BD5FB96F1}.Stable|Mixed Platforms.ActiveCfg = Stable|Any CPU
		{05F47F92-65AB-4067-BEA7-603BD5FB96F1}.Stable|Mixed Platforms.Build.0 = Stable|Any CPU
		{05F47F92-65AB-4067-BEA7-603BD5FB96F1}.Stable|x64.ActiveCfg = Stable|Any CPU
		{05F47F92-65AB-4067-BEA7-603BD5FB96F1}.Stable|x86.ActiveCfg = Stable|Any CPU
		{AD7B3D41-714A-4905-A0E8-1CEC609684E7}.AlphaDebug|Any CPU.ActiveCfg = Debug|Any CPU
		{AD7B3D41-714A-4905-A0E8-1CEC609684E7}.AlphaDebug|Any CPU.Build.0 = Debug|Any CPU
		{AD7B3D41-714A-4905-A0E8-1CEC609684E7}.AlphaDebug|Mixed Platforms.ActiveCfg = Debug|Any CPU
		{AD7B3D41-714A-4905-A0E8-1CEC609684E7}.AlphaDebug|Mixed Platforms.Build.0 = Debug|Any CPU
		{AD7B3D41-714A-4905-A0E8-1CEC609684E7}.AlphaDebug|x64.ActiveCfg = Debug|Any CPU
		{AD7B3D41-714A-4905-A0E8-1CEC609684E7}.AlphaDebug|x86.ActiveCfg = Debug|Any CPU
		{AD7B3D41-714A-4905-A0E8-1CEC609684E7}.AlphaRelease|Any CPU.ActiveCfg = Release|Any CPU
		{AD7B3D41-714A-4905-A0E8-1CEC609684E7}.AlphaRelease|Any CPU.Build.0 = Release|Any CPU
		{AD7B3D41-714A-4905-A0E8-1CEC609684E7}.AlphaRelease|Mixed Platforms.ActiveCfg = Release|Any CPU
		{AD7B3D41-714A-4905-A0E8-1CEC609684E7}.AlphaRelease|Mixed Platforms.Build.0 = Release|Any CPU
		{AD7B3D41-714A-4905-A0E8-1CEC609684E7}.AlphaRelease|x64.ActiveCfg = Release|Any CPU
		{AD7B3D41-714A-4905-A0E8-1CEC609684E7}.AlphaRelease|x86.ActiveCfg = Release|Any CPU
		{AD7B3D41-714A-4905-A0E8-1CEC609684E7}.Beta|Any CPU.ActiveCfg = Beta|Any CPU
		{AD7B3D41-714A-4905-A0E8-1CEC609684E7}.Beta|Any CPU.Build.0 = Beta|Any CPU
		{AD7B3D41-714A-4905-A0E8-1CEC609684E7}.Beta|Mixed Platforms.ActiveCfg = Release|Any CPU
		{AD7B3D41-714A-4905-A0E8-1CEC609684E7}.Beta|Mixed Platforms.Build.0 = Release|Any CPU
		{AD7B3D41-714A-4905-A0E8-1CEC609684E7}.Beta|x64.ActiveCfg = Release|Any CPU
		{AD7B3D41-714A-4905-A0E8-1CEC609684E7}.Beta|x86.ActiveCfg = Release|Any CPU
		{AD7B3D41-714A-4905-A0E8-1CEC609684E7}.Debug|Any CPU.ActiveCfg = Debug|Any CPU
		{AD7B3D41-714A-4905-A0E8-1CEC609684E7}.Debug|Any CPU.Build.0 = Debug|Any CPU
		{AD7B3D41-714A-4905-A0E8-1CEC609684E7}.Debug|Mixed Platforms.ActiveCfg = Debug|Any CPU
		{AD7B3D41-714A-4905-A0E8-1CEC609684E7}.Debug|Mixed Platforms.Build.0 = Debug|Any CPU
		{AD7B3D41-714A-4905-A0E8-1CEC609684E7}.Debug|x64.ActiveCfg = Debug|Any CPU
		{AD7B3D41-714A-4905-A0E8-1CEC609684E7}.Debug|x86.ActiveCfg = Debug|Any CPU
		{AD7B3D41-714A-4905-A0E8-1CEC609684E7}.Publish|Any CPU.ActiveCfg = Stable|Any CPU
		{AD7B3D41-714A-4905-A0E8-1CEC609684E7}.Publish|Any CPU.Build.0 = Stable|Any CPU
		{AD7B3D41-714A-4905-A0E8-1CEC609684E7}.Publish|Mixed Platforms.ActiveCfg = Stable|Any CPU
		{AD7B3D41-714A-4905-A0E8-1CEC609684E7}.Publish|Mixed Platforms.Build.0 = Stable|Any CPU
		{AD7B3D41-714A-4905-A0E8-1CEC609684E7}.Publish|x64.ActiveCfg = Stable|Any CPU
		{AD7B3D41-714A-4905-A0E8-1CEC609684E7}.Publish|x86.ActiveCfg = Stable|Any CPU
		{AD7B3D41-714A-4905-A0E8-1CEC609684E7}.Release|Any CPU.ActiveCfg = Release|Any CPU
		{AD7B3D41-714A-4905-A0E8-1CEC609684E7}.Release|Any CPU.Build.0 = Release|Any CPU
		{AD7B3D41-714A-4905-A0E8-1CEC609684E7}.Release|Mixed Platforms.ActiveCfg = Release|Any CPU
		{AD7B3D41-714A-4905-A0E8-1CEC609684E7}.Release|Mixed Platforms.Build.0 = Release|Any CPU
		{AD7B3D41-714A-4905-A0E8-1CEC609684E7}.Release|x64.ActiveCfg = Release|Any CPU
		{AD7B3D41-714A-4905-A0E8-1CEC609684E7}.Release|x86.ActiveCfg = Release|Any CPU
		{AD7B3D41-714A-4905-A0E8-1CEC609684E7}.Stable|Any CPU.ActiveCfg = Stable|Any CPU
		{AD7B3D41-714A-4905-A0E8-1CEC609684E7}.Stable|Any CPU.Build.0 = Stable|Any CPU
		{AD7B3D41-714A-4905-A0E8-1CEC609684E7}.Stable|Mixed Platforms.ActiveCfg = Stable|Any CPU
		{AD7B3D41-714A-4905-A0E8-1CEC609684E7}.Stable|Mixed Platforms.Build.0 = Stable|Any CPU
		{AD7B3D41-714A-4905-A0E8-1CEC609684E7}.Stable|x64.ActiveCfg = Stable|Any CPU
		{AD7B3D41-714A-4905-A0E8-1CEC609684E7}.Stable|x86.ActiveCfg = Stable|Any CPU
		{715B9853-77F8-4B08-B68C-635C06BCB931}.AlphaDebug|Any CPU.ActiveCfg = Release|Any CPU
		{715B9853-77F8-4B08-B68C-635C06BCB931}.AlphaDebug|Any CPU.Build.0 = Release|Any CPU
		{715B9853-77F8-4B08-B68C-635C06BCB931}.AlphaDebug|Mixed Platforms.ActiveCfg = Debug|Any CPU
		{715B9853-77F8-4B08-B68C-635C06BCB931}.AlphaDebug|Mixed Platforms.Build.0 = Debug|Any CPU
		{715B9853-77F8-4B08-B68C-635C06BCB931}.AlphaDebug|x64.ActiveCfg = Debug|Any CPU
		{715B9853-77F8-4B08-B68C-635C06BCB931}.AlphaDebug|x86.ActiveCfg = Debug|Any CPU
		{715B9853-77F8-4B08-B68C-635C06BCB931}.AlphaRelease|Any CPU.ActiveCfg = Release|Any CPU
		{715B9853-77F8-4B08-B68C-635C06BCB931}.AlphaRelease|Any CPU.Build.0 = Release|Any CPU
		{715B9853-77F8-4B08-B68C-635C06BCB931}.AlphaRelease|Mixed Platforms.ActiveCfg = Release|Any CPU
		{715B9853-77F8-4B08-B68C-635C06BCB931}.AlphaRelease|Mixed Platforms.Build.0 = Release|Any CPU
		{715B9853-77F8-4B08-B68C-635C06BCB931}.AlphaRelease|x64.ActiveCfg = Release|Any CPU
		{715B9853-77F8-4B08-B68C-635C06BCB931}.AlphaRelease|x86.ActiveCfg = Release|Any CPU
		{715B9853-77F8-4B08-B68C-635C06BCB931}.Beta|Any CPU.ActiveCfg = Release|Any CPU
		{715B9853-77F8-4B08-B68C-635C06BCB931}.Beta|Any CPU.Build.0 = Release|Any CPU
		{715B9853-77F8-4B08-B68C-635C06BCB931}.Beta|Mixed Platforms.ActiveCfg = Release|Any CPU
		{715B9853-77F8-4B08-B68C-635C06BCB931}.Beta|Mixed Platforms.Build.0 = Release|Any CPU
		{715B9853-77F8-4B08-B68C-635C06BCB931}.Beta|x64.ActiveCfg = Release|Any CPU
		{715B9853-77F8-4B08-B68C-635C06BCB931}.Beta|x86.ActiveCfg = Release|Any CPU
		{715B9853-77F8-4B08-B68C-635C06BCB931}.Debug|Any CPU.ActiveCfg = Debug|Any CPU
		{715B9853-77F8-4B08-B68C-635C06BCB931}.Debug|Any CPU.Build.0 = Debug|Any CPU
		{715B9853-77F8-4B08-B68C-635C06BCB931}.Debug|Mixed Platforms.ActiveCfg = Debug|Any CPU
		{715B9853-77F8-4B08-B68C-635C06BCB931}.Debug|Mixed Platforms.Build.0 = Debug|Any CPU
		{715B9853-77F8-4B08-B68C-635C06BCB931}.Debug|x64.ActiveCfg = Debug|Any CPU
		{715B9853-77F8-4B08-B68C-635C06BCB931}.Debug|x86.ActiveCfg = Debug|Any CPU
		{715B9853-77F8-4B08-B68C-635C06BCB931}.Publish|Any CPU.ActiveCfg = Publish|Any CPU
		{715B9853-77F8-4B08-B68C-635C06BCB931}.Publish|Any CPU.Build.0 = Publish|Any CPU
		{715B9853-77F8-4B08-B68C-635C06BCB931}.Publish|Mixed Platforms.ActiveCfg = Publish|Any CPU
		{715B9853-77F8-4B08-B68C-635C06BCB931}.Publish|Mixed Platforms.Build.0 = Publish|Any CPU
		{715B9853-77F8-4B08-B68C-635C06BCB931}.Publish|x64.ActiveCfg = Publish|Any CPU
		{715B9853-77F8-4B08-B68C-635C06BCB931}.Publish|x86.ActiveCfg = Publish|Any CPU
		{715B9853-77F8-4B08-B68C-635C06BCB931}.Release|Any CPU.ActiveCfg = Release|Any CPU
		{715B9853-77F8-4B08-B68C-635C06BCB931}.Release|Any CPU.Build.0 = Release|Any CPU
		{715B9853-77F8-4B08-B68C-635C06BCB931}.Release|Mixed Platforms.ActiveCfg = Release|Any CPU
		{715B9853-77F8-4B08-B68C-635C06BCB931}.Release|Mixed Platforms.Build.0 = Release|Any CPU
		{715B9853-77F8-4B08-B68C-635C06BCB931}.Release|x64.ActiveCfg = Release|Any CPU
		{715B9853-77F8-4B08-B68C-635C06BCB931}.Release|x86.ActiveCfg = Release|Any CPU
		{715B9853-77F8-4B08-B68C-635C06BCB931}.Stable|Any CPU.ActiveCfg = Release|Any CPU
		{715B9853-77F8-4B08-B68C-635C06BCB931}.Stable|Any CPU.Build.0 = Release|Any CPU
		{715B9853-77F8-4B08-B68C-635C06BCB931}.Stable|Mixed Platforms.ActiveCfg = Publish|Any CPU
		{715B9853-77F8-4B08-B68C-635C06BCB931}.Stable|Mixed Platforms.Build.0 = Publish|Any CPU
		{715B9853-77F8-4B08-B68C-635C06BCB931}.Stable|x64.ActiveCfg = Publish|Any CPU
		{715B9853-77F8-4B08-B68C-635C06BCB931}.Stable|x86.ActiveCfg = Publish|Any CPU
		{605006EB-D4E6-4312-A293-3A43FAC43240}.AlphaDebug|Any CPU.ActiveCfg = Debug|Any CPU
		{605006EB-D4E6-4312-A293-3A43FAC43240}.AlphaDebug|Any CPU.Build.0 = Debug|Any CPU
		{605006EB-D4E6-4312-A293-3A43FAC43240}.AlphaDebug|Mixed Platforms.ActiveCfg = Debug|Any CPU
		{605006EB-D4E6-4312-A293-3A43FAC43240}.AlphaDebug|Mixed Platforms.Build.0 = Debug|Any CPU
		{605006EB-D4E6-4312-A293-3A43FAC43240}.AlphaDebug|x64.ActiveCfg = Debug|Any CPU
		{605006EB-D4E6-4312-A293-3A43FAC43240}.AlphaDebug|x86.ActiveCfg = Debug|Any CPU
		{605006EB-D4E6-4312-A293-3A43FAC43240}.AlphaRelease|Any CPU.ActiveCfg = Release|Any CPU
		{605006EB-D4E6-4312-A293-3A43FAC43240}.AlphaRelease|Any CPU.Build.0 = Release|Any CPU
		{605006EB-D4E6-4312-A293-3A43FAC43240}.AlphaRelease|Mixed Platforms.ActiveCfg = Release|Any CPU
		{605006EB-D4E6-4312-A293-3A43FAC43240}.AlphaRelease|Mixed Platforms.Build.0 = Release|Any CPU
		{605006EB-D4E6-4312-A293-3A43FAC43240}.AlphaRelease|x64.ActiveCfg = Release|Any CPU
		{605006EB-D4E6-4312-A293-3A43FAC43240}.AlphaRelease|x86.ActiveCfg = Release|Any CPU
		{605006EB-D4E6-4312-A293-3A43FAC43240}.Beta|Any CPU.ActiveCfg = Beta|Any CPU
		{605006EB-D4E6-4312-A293-3A43FAC43240}.Beta|Any CPU.Build.0 = Beta|Any CPU
		{605006EB-D4E6-4312-A293-3A43FAC43240}.Beta|Mixed Platforms.ActiveCfg = Release|Any CPU
		{605006EB-D4E6-4312-A293-3A43FAC43240}.Beta|Mixed Platforms.Build.0 = Release|Any CPU
		{605006EB-D4E6-4312-A293-3A43FAC43240}.Beta|x64.ActiveCfg = Release|Any CPU
		{605006EB-D4E6-4312-A293-3A43FAC43240}.Beta|x86.ActiveCfg = Release|Any CPU
		{605006EB-D4E6-4312-A293-3A43FAC43240}.Debug|Any CPU.ActiveCfg = Debug|Any CPU
		{605006EB-D4E6-4312-A293-3A43FAC43240}.Debug|Any CPU.Build.0 = Debug|Any CPU
		{605006EB-D4E6-4312-A293-3A43FAC43240}.Debug|Mixed Platforms.ActiveCfg = Debug|Any CPU
		{605006EB-D4E6-4312-A293-3A43FAC43240}.Debug|Mixed Platforms.Build.0 = Debug|Any CPU
		{605006EB-D4E6-4312-A293-3A43FAC43240}.Debug|x64.ActiveCfg = Debug|Any CPU
		{605006EB-D4E6-4312-A293-3A43FAC43240}.Debug|x86.ActiveCfg = Debug|Any CPU
		{605006EB-D4E6-4312-A293-3A43FAC43240}.Publish|Any CPU.ActiveCfg = Stable|Any CPU
		{605006EB-D4E6-4312-A293-3A43FAC43240}.Publish|Any CPU.Build.0 = Stable|Any CPU
		{605006EB-D4E6-4312-A293-3A43FAC43240}.Publish|Mixed Platforms.ActiveCfg = Stable|Any CPU
		{605006EB-D4E6-4312-A293-3A43FAC43240}.Publish|Mixed Platforms.Build.0 = Stable|Any CPU
		{605006EB-D4E6-4312-A293-3A43FAC43240}.Publish|x64.ActiveCfg = Stable|Any CPU
		{605006EB-D4E6-4312-A293-3A43FAC43240}.Publish|x86.ActiveCfg = Stable|Any CPU
		{605006EB-D4E6-4312-A293-3A43FAC43240}.Release|Any CPU.ActiveCfg = Release|Any CPU
		{605006EB-D4E6-4312-A293-3A43FAC43240}.Release|Any CPU.Build.0 = Release|Any CPU
		{605006EB-D4E6-4312-A293-3A43FAC43240}.Release|Mixed Platforms.ActiveCfg = Release|Any CPU
		{605006EB-D4E6-4312-A293-3A43FAC43240}.Release|Mixed Platforms.Build.0 = Release|Any CPU
		{605006EB-D4E6-4312-A293-3A43FAC43240}.Release|x64.ActiveCfg = Release|Any CPU
		{605006EB-D4E6-4312-A293-3A43FAC43240}.Release|x86.ActiveCfg = Release|Any CPU
		{605006EB-D4E6-4312-A293-3A43FAC43240}.Stable|Any CPU.ActiveCfg = Stable|Any CPU
		{605006EB-D4E6-4312-A293-3A43FAC43240}.Stable|Any CPU.Build.0 = Stable|Any CPU
		{605006EB-D4E6-4312-A293-3A43FAC43240}.Stable|Mixed Platforms.ActiveCfg = Stable|Any CPU
		{605006EB-D4E6-4312-A293-3A43FAC43240}.Stable|Mixed Platforms.Build.0 = Stable|Any CPU
		{605006EB-D4E6-4312-A293-3A43FAC43240}.Stable|x64.ActiveCfg = Stable|Any CPU
		{605006EB-D4E6-4312-A293-3A43FAC43240}.Stable|x86.ActiveCfg = Stable|Any CPU
		{9F6E530A-4B87-4C95-9CA7-6A74E7C1EA32}.AlphaDebug|Any CPU.ActiveCfg = Debug|Any CPU
		{9F6E530A-4B87-4C95-9CA7-6A74E7C1EA32}.AlphaDebug|Any CPU.Build.0 = Debug|Any CPU
		{9F6E530A-4B87-4C95-9CA7-6A74E7C1EA32}.AlphaDebug|Mixed Platforms.ActiveCfg = Debug|Any CPU
		{9F6E530A-4B87-4C95-9CA7-6A74E7C1EA32}.AlphaDebug|Mixed Platforms.Build.0 = Debug|Any CPU
		{9F6E530A-4B87-4C95-9CA7-6A74E7C1EA32}.AlphaDebug|x64.ActiveCfg = Debug|Any CPU
		{9F6E530A-4B87-4C95-9CA7-6A74E7C1EA32}.AlphaDebug|x86.ActiveCfg = Debug|Any CPU
		{9F6E530A-4B87-4C95-9CA7-6A74E7C1EA32}.AlphaRelease|Any CPU.ActiveCfg = Release|Any CPU
		{9F6E530A-4B87-4C95-9CA7-6A74E7C1EA32}.AlphaRelease|Any CPU.Build.0 = Release|Any CPU
		{9F6E530A-4B87-4C95-9CA7-6A74E7C1EA32}.AlphaRelease|Mixed Platforms.ActiveCfg = Release|Any CPU
		{9F6E530A-4B87-4C95-9CA7-6A74E7C1EA32}.AlphaRelease|Mixed Platforms.Build.0 = Release|Any CPU
		{9F6E530A-4B87-4C95-9CA7-6A74E7C1EA32}.AlphaRelease|x64.ActiveCfg = Release|Any CPU
		{9F6E530A-4B87-4C95-9CA7-6A74E7C1EA32}.AlphaRelease|x86.ActiveCfg = Release|Any CPU
		{9F6E530A-4B87-4C95-9CA7-6A74E7C1EA32}.Beta|Any CPU.ActiveCfg = Beta|Any CPU
		{9F6E530A-4B87-4C95-9CA7-6A74E7C1EA32}.Beta|Any CPU.Build.0 = Beta|Any CPU
		{9F6E530A-4B87-4C95-9CA7-6A74E7C1EA32}.Beta|Mixed Platforms.ActiveCfg = Release|Any CPU
		{9F6E530A-4B87-4C95-9CA7-6A74E7C1EA32}.Beta|Mixed Platforms.Build.0 = Release|Any CPU
		{9F6E530A-4B87-4C95-9CA7-6A74E7C1EA32}.Beta|x64.ActiveCfg = Release|Any CPU
		{9F6E530A-4B87-4C95-9CA7-6A74E7C1EA32}.Beta|x86.ActiveCfg = Release|Any CPU
		{9F6E530A-4B87-4C95-9CA7-6A74E7C1EA32}.Debug|Any CPU.ActiveCfg = Debug|Any CPU
		{9F6E530A-4B87-4C95-9CA7-6A74E7C1EA32}.Debug|Any CPU.Build.0 = Debug|Any CPU
		{9F6E530A-4B87-4C95-9CA7-6A74E7C1EA32}.Debug|Mixed Platforms.ActiveCfg = Debug|Any CPU
		{9F6E530A-4B87-4C95-9CA7-6A74E7C1EA32}.Debug|Mixed Platforms.Build.0 = Debug|Any CPU
		{9F6E530A-4B87-4C95-9CA7-6A74E7C1EA32}.Debug|x64.ActiveCfg = Debug|Any CPU
		{9F6E530A-4B87-4C95-9CA7-6A74E7C1EA32}.Debug|x86.ActiveCfg = Debug|Any CPU
		{9F6E530A-4B87-4C95-9CA7-6A74E7C1EA32}.Publish|Any CPU.ActiveCfg = Stable|Any CPU
		{9F6E530A-4B87-4C95-9CA7-6A74E7C1EA32}.Publish|Any CPU.Build.0 = Stable|Any CPU
		{9F6E530A-4B87-4C95-9CA7-6A74E7C1EA32}.Publish|Mixed Platforms.ActiveCfg = Stable|Any CPU
		{9F6E530A-4B87-4C95-9CA7-6A74E7C1EA32}.Publish|Mixed Platforms.Build.0 = Stable|Any CPU
		{9F6E530A-4B87-4C95-9CA7-6A74E7C1EA32}.Publish|x64.ActiveCfg = Stable|Any CPU
		{9F6E530A-4B87-4C95-9CA7-6A74E7C1EA32}.Publish|x86.ActiveCfg = Stable|Any CPU
		{9F6E530A-4B87-4C95-9CA7-6A74E7C1EA32}.Release|Any CPU.ActiveCfg = Release|Any CPU
		{9F6E530A-4B87-4C95-9CA7-6A74E7C1EA32}.Release|Any CPU.Build.0 = Release|Any CPU
		{9F6E530A-4B87-4C95-9CA7-6A74E7C1EA32}.Release|Mixed Platforms.ActiveCfg = Release|Any CPU
		{9F6E530A-4B87-4C95-9CA7-6A74E7C1EA32}.Release|Mixed Platforms.Build.0 = Release|Any CPU
		{9F6E530A-4B87-4C95-9CA7-6A74E7C1EA32}.Release|x64.ActiveCfg = Release|Any CPU
		{9F6E530A-4B87-4C95-9CA7-6A74E7C1EA32}.Release|x86.ActiveCfg = Release|Any CPU
		{9F6E530A-4B87-4C95-9CA7-6A74E7C1EA32}.Stable|Any CPU.ActiveCfg = Stable|Any CPU
		{9F6E530A-4B87-4C95-9CA7-6A74E7C1EA32}.Stable|Any CPU.Build.0 = Stable|Any CPU
		{9F6E530A-4B87-4C95-9CA7-6A74E7C1EA32}.Stable|Mixed Platforms.ActiveCfg = Stable|Any CPU
		{9F6E530A-4B87-4C95-9CA7-6A74E7C1EA32}.Stable|Mixed Platforms.Build.0 = Stable|Any CPU
		{9F6E530A-4B87-4C95-9CA7-6A74E7C1EA32}.Stable|x64.ActiveCfg = Stable|Any CPU
		{9F6E530A-4B87-4C95-9CA7-6A74E7C1EA32}.Stable|x86.ActiveCfg = Stable|Any CPU
		{47400663-BB43-4963-90F7-935A90D0F0A0}.AlphaDebug|Any CPU.ActiveCfg = Debug|Any CPU
		{47400663-BB43-4963-90F7-935A90D0F0A0}.AlphaDebug|Any CPU.Build.0 = Debug|Any CPU
		{47400663-BB43-4963-90F7-935A90D0F0A0}.AlphaDebug|Mixed Platforms.ActiveCfg = Debug|Any CPU
		{47400663-BB43-4963-90F7-935A90D0F0A0}.AlphaDebug|Mixed Platforms.Build.0 = Debug|Any CPU
		{47400663-BB43-4963-90F7-935A90D0F0A0}.AlphaDebug|x64.ActiveCfg = Debug|Any CPU
		{47400663-BB43-4963-90F7-935A90D0F0A0}.AlphaDebug|x86.ActiveCfg = Debug|Any CPU
		{47400663-BB43-4963-90F7-935A90D0F0A0}.AlphaRelease|Any CPU.ActiveCfg = Release|Any CPU
		{47400663-BB43-4963-90F7-935A90D0F0A0}.AlphaRelease|Any CPU.Build.0 = Release|Any CPU
		{47400663-BB43-4963-90F7-935A90D0F0A0}.AlphaRelease|Mixed Platforms.ActiveCfg = Release|Any CPU
		{47400663-BB43-4963-90F7-935A90D0F0A0}.AlphaRelease|Mixed Platforms.Build.0 = Release|Any CPU
		{47400663-BB43-4963-90F7-935A90D0F0A0}.AlphaRelease|x64.ActiveCfg = Release|Any CPU
		{47400663-BB43-4963-90F7-935A90D0F0A0}.AlphaRelease|x86.ActiveCfg = Release|Any CPU
		{47400663-BB43-4963-90F7-935A90D0F0A0}.Beta|Any CPU.ActiveCfg = Beta|Any CPU
		{47400663-BB43-4963-90F7-935A90D0F0A0}.Beta|Any CPU.Build.0 = Beta|Any CPU
		{47400663-BB43-4963-90F7-935A90D0F0A0}.Beta|Mixed Platforms.ActiveCfg = Release|Any CPU
		{47400663-BB43-4963-90F7-935A90D0F0A0}.Beta|Mixed Platforms.Build.0 = Release|Any CPU
		{47400663-BB43-4963-90F7-935A90D0F0A0}.Beta|x64.ActiveCfg = Release|Any CPU
		{47400663-BB43-4963-90F7-935A90D0F0A0}.Beta|x86.ActiveCfg = Release|Any CPU
		{47400663-BB43-4963-90F7-935A90D0F0A0}.Debug|Any CPU.ActiveCfg = Debug|Any CPU
		{47400663-BB43-4963-90F7-935A90D0F0A0}.Debug|Any CPU.Build.0 = Debug|Any CPU
		{47400663-BB43-4963-90F7-935A90D0F0A0}.Debug|Mixed Platforms.ActiveCfg = Debug|Any CPU
		{47400663-BB43-4963-90F7-935A90D0F0A0}.Debug|Mixed Platforms.Build.0 = Debug|Any CPU
		{47400663-BB43-4963-90F7-935A90D0F0A0}.Debug|x64.ActiveCfg = Debug|Any CPU
		{47400663-BB43-4963-90F7-935A90D0F0A0}.Debug|x86.ActiveCfg = Debug|Any CPU
		{47400663-BB43-4963-90F7-935A90D0F0A0}.Publish|Any CPU.ActiveCfg = Stable|Any CPU
		{47400663-BB43-4963-90F7-935A90D0F0A0}.Publish|Any CPU.Build.0 = Stable|Any CPU
		{47400663-BB43-4963-90F7-935A90D0F0A0}.Publish|Mixed Platforms.ActiveCfg = Stable|Any CPU
		{47400663-BB43-4963-90F7-935A90D0F0A0}.Publish|Mixed Platforms.Build.0 = Stable|Any CPU
		{47400663-BB43-4963-90F7-935A90D0F0A0}.Publish|x64.ActiveCfg = Stable|Any CPU
		{47400663-BB43-4963-90F7-935A90D0F0A0}.Publish|x86.ActiveCfg = Stable|Any CPU
		{47400663-BB43-4963-90F7-935A90D0F0A0}.Release|Any CPU.ActiveCfg = Release|Any CPU
		{47400663-BB43-4963-90F7-935A90D0F0A0}.Release|Any CPU.Build.0 = Release|Any CPU
		{47400663-BB43-4963-90F7-935A90D0F0A0}.Release|Mixed Platforms.ActiveCfg = Release|Any CPU
		{47400663-BB43-4963-90F7-935A90D0F0A0}.Release|Mixed Platforms.Build.0 = Release|Any CPU
		{47400663-BB43-4963-90F7-935A90D0F0A0}.Release|x64.ActiveCfg = Release|Any CPU
		{47400663-BB43-4963-90F7-935A90D0F0A0}.Release|x86.ActiveCfg = Release|Any CPU
		{47400663-BB43-4963-90F7-935A90D0F0A0}.Stable|Any CPU.ActiveCfg = Stable|Any CPU
		{47400663-BB43-4963-90F7-935A90D0F0A0}.Stable|Any CPU.Build.0 = Stable|Any CPU
		{47400663-BB43-4963-90F7-935A90D0F0A0}.Stable|Mixed Platforms.ActiveCfg = Stable|Any CPU
		{47400663-BB43-4963-90F7-935A90D0F0A0}.Stable|Mixed Platforms.Build.0 = Stable|Any CPU
		{47400663-BB43-4963-90F7-935A90D0F0A0}.Stable|x64.ActiveCfg = Stable|Any CPU
		{47400663-BB43-4963-90F7-935A90D0F0A0}.Stable|x86.ActiveCfg = Stable|Any CPU
		{E2EE1D96-3C4E-4BB9-BDF1-35151C62F0A0}.AlphaDebug|Any CPU.ActiveCfg = Debug|Any CPU
		{E2EE1D96-3C4E-4BB9-BDF1-35151C62F0A0}.AlphaDebug|Any CPU.Build.0 = Debug|Any CPU
		{E2EE1D96-3C4E-4BB9-BDF1-35151C62F0A0}.AlphaDebug|Mixed Platforms.ActiveCfg = Debug|Any CPU
		{E2EE1D96-3C4E-4BB9-BDF1-35151C62F0A0}.AlphaDebug|Mixed Platforms.Build.0 = Debug|Any CPU
		{E2EE1D96-3C4E-4BB9-BDF1-35151C62F0A0}.AlphaDebug|x64.ActiveCfg = Debug|Any CPU
		{E2EE1D96-3C4E-4BB9-BDF1-35151C62F0A0}.AlphaDebug|x86.ActiveCfg = Debug|Any CPU
		{E2EE1D96-3C4E-4BB9-BDF1-35151C62F0A0}.AlphaRelease|Any CPU.ActiveCfg = Release|Any CPU
		{E2EE1D96-3C4E-4BB9-BDF1-35151C62F0A0}.AlphaRelease|Any CPU.Build.0 = Release|Any CPU
		{E2EE1D96-3C4E-4BB9-BDF1-35151C62F0A0}.AlphaRelease|Mixed Platforms.ActiveCfg = Release|Any CPU
		{E2EE1D96-3C4E-4BB9-BDF1-35151C62F0A0}.AlphaRelease|Mixed Platforms.Build.0 = Release|Any CPU
		{E2EE1D96-3C4E-4BB9-BDF1-35151C62F0A0}.AlphaRelease|x64.ActiveCfg = Release|Any CPU
		{E2EE1D96-3C4E-4BB9-BDF1-35151C62F0A0}.AlphaRelease|x86.ActiveCfg = Release|Any CPU
		{E2EE1D96-3C4E-4BB9-BDF1-35151C62F0A0}.Beta|Any CPU.ActiveCfg = Beta|Any CPU
		{E2EE1D96-3C4E-4BB9-BDF1-35151C62F0A0}.Beta|Any CPU.Build.0 = Beta|Any CPU
		{E2EE1D96-3C4E-4BB9-BDF1-35151C62F0A0}.Beta|Mixed Platforms.ActiveCfg = Release|Any CPU
		{E2EE1D96-3C4E-4BB9-BDF1-35151C62F0A0}.Beta|Mixed Platforms.Build.0 = Release|Any CPU
		{E2EE1D96-3C4E-4BB9-BDF1-35151C62F0A0}.Beta|x64.ActiveCfg = Release|Any CPU
		{E2EE1D96-3C4E-4BB9-BDF1-35151C62F0A0}.Beta|x86.ActiveCfg = Release|Any CPU
		{E2EE1D96-3C4E-4BB9-BDF1-35151C62F0A0}.Debug|Any CPU.ActiveCfg = Debug|Any CPU
		{E2EE1D96-3C4E-4BB9-BDF1-35151C62F0A0}.Debug|Any CPU.Build.0 = Debug|Any CPU
		{E2EE1D96-3C4E-4BB9-BDF1-35151C62F0A0}.Debug|Mixed Platforms.ActiveCfg = Debug|Any CPU
		{E2EE1D96-3C4E-4BB9-BDF1-35151C62F0A0}.Debug|Mixed Platforms.Build.0 = Debug|Any CPU
		{E2EE1D96-3C4E-4BB9-BDF1-35151C62F0A0}.Debug|x64.ActiveCfg = Debug|Any CPU
		{E2EE1D96-3C4E-4BB9-BDF1-35151C62F0A0}.Debug|x86.ActiveCfg = Debug|Any CPU
		{E2EE1D96-3C4E-4BB9-BDF1-35151C62F0A0}.Publish|Any CPU.ActiveCfg = Stable|Any CPU
		{E2EE1D96-3C4E-4BB9-BDF1-35151C62F0A0}.Publish|Any CPU.Build.0 = Stable|Any CPU
		{E2EE1D96-3C4E-4BB9-BDF1-35151C62F0A0}.Publish|Mixed Platforms.ActiveCfg = Stable|Any CPU
		{E2EE1D96-3C4E-4BB9-BDF1-35151C62F0A0}.Publish|Mixed Platforms.Build.0 = Stable|Any CPU
		{E2EE1D96-3C4E-4BB9-BDF1-35151C62F0A0}.Publish|x64.ActiveCfg = Stable|Any CPU
		{E2EE1D96-3C4E-4BB9-BDF1-35151C62F0A0}.Publish|x86.ActiveCfg = Stable|Any CPU
		{E2EE1D96-3C4E-4BB9-BDF1-35151C62F0A0}.Release|Any CPU.ActiveCfg = Release|Any CPU
		{E2EE1D96-3C4E-4BB9-BDF1-35151C62F0A0}.Release|Any CPU.Build.0 = Release|Any CPU
		{E2EE1D96-3C4E-4BB9-BDF1-35151C62F0A0}.Release|Mixed Platforms.ActiveCfg = Release|Any CPU
		{E2EE1D96-3C4E-4BB9-BDF1-35151C62F0A0}.Release|Mixed Platforms.Build.0 = Release|Any CPU
		{E2EE1D96-3C4E-4BB9-BDF1-35151C62F0A0}.Release|x64.ActiveCfg = Release|Any CPU
		{E2EE1D96-3C4E-4BB9-BDF1-35151C62F0A0}.Release|x86.ActiveCfg = Release|Any CPU
		{E2EE1D96-3C4E-4BB9-BDF1-35151C62F0A0}.Stable|Any CPU.ActiveCfg = Stable|Any CPU
		{E2EE1D96-3C4E-4BB9-BDF1-35151C62F0A0}.Stable|Any CPU.Build.0 = Stable|Any CPU
		{E2EE1D96-3C4E-4BB9-BDF1-35151C62F0A0}.Stable|Mixed Platforms.ActiveCfg = Release|Any CPU
		{E2EE1D96-3C4E-4BB9-BDF1-35151C62F0A0}.Stable|Mixed Platforms.Build.0 = Release|Any CPU
		{E2EE1D96-3C4E-4BB9-BDF1-35151C62F0A0}.Stable|x64.ActiveCfg = Release|Any CPU
		{E2EE1D96-3C4E-4BB9-BDF1-35151C62F0A0}.Stable|x86.ActiveCfg = Release|Any CPU
		{D0F857EB-807D-4586-BB92-1E24E52610EB}.AlphaDebug|Any CPU.ActiveCfg = Debug|Any CPU
		{D0F857EB-807D-4586-BB92-1E24E52610EB}.AlphaDebug|Any CPU.Build.0 = Debug|Any CPU
		{D0F857EB-807D-4586-BB92-1E24E52610EB}.AlphaDebug|Mixed Platforms.ActiveCfg = Debug|Any CPU
		{D0F857EB-807D-4586-BB92-1E24E52610EB}.AlphaDebug|Mixed Platforms.Build.0 = Debug|Any CPU
		{D0F857EB-807D-4586-BB92-1E24E52610EB}.AlphaDebug|x64.ActiveCfg = Debug|Any CPU
		{D0F857EB-807D-4586-BB92-1E24E52610EB}.AlphaDebug|x86.ActiveCfg = Debug|Any CPU
		{D0F857EB-807D-4586-BB92-1E24E52610EB}.AlphaRelease|Any CPU.ActiveCfg = Release|Any CPU
		{D0F857EB-807D-4586-BB92-1E24E52610EB}.AlphaRelease|Any CPU.Build.0 = Release|Any CPU
		{D0F857EB-807D-4586-BB92-1E24E52610EB}.AlphaRelease|Mixed Platforms.ActiveCfg = Release|Any CPU
		{D0F857EB-807D-4586-BB92-1E24E52610EB}.AlphaRelease|Mixed Platforms.Build.0 = Release|Any CPU
		{D0F857EB-807D-4586-BB92-1E24E52610EB}.AlphaRelease|x64.ActiveCfg = Release|Any CPU
		{D0F857EB-807D-4586-BB92-1E24E52610EB}.AlphaRelease|x86.ActiveCfg = Release|Any CPU
		{D0F857EB-807D-4586-BB92-1E24E52610EB}.Beta|Any CPU.ActiveCfg = Beta|Any CPU
		{D0F857EB-807D-4586-BB92-1E24E52610EB}.Beta|Any CPU.Build.0 = Beta|Any CPU
		{D0F857EB-807D-4586-BB92-1E24E52610EB}.Beta|Mixed Platforms.ActiveCfg = Release|Any CPU
		{D0F857EB-807D-4586-BB92-1E24E52610EB}.Beta|Mixed Platforms.Build.0 = Release|Any CPU
		{D0F857EB-807D-4586-BB92-1E24E52610EB}.Beta|x64.ActiveCfg = Release|Any CPU
		{D0F857EB-807D-4586-BB92-1E24E52610EB}.Beta|x86.ActiveCfg = Release|Any CPU
		{D0F857EB-807D-4586-BB92-1E24E52610EB}.Debug|Any CPU.ActiveCfg = Debug|Any CPU
		{D0F857EB-807D-4586-BB92-1E24E52610EB}.Debug|Any CPU.Build.0 = Debug|Any CPU
		{D0F857EB-807D-4586-BB92-1E24E52610EB}.Debug|Mixed Platforms.ActiveCfg = Debug|Any CPU
		{D0F857EB-807D-4586-BB92-1E24E52610EB}.Debug|Mixed Platforms.Build.0 = Debug|Any CPU
		{D0F857EB-807D-4586-BB92-1E24E52610EB}.Debug|x64.ActiveCfg = Debug|Any CPU
		{D0F857EB-807D-4586-BB92-1E24E52610EB}.Debug|x86.ActiveCfg = Debug|Any CPU
		{D0F857EB-807D-4586-BB92-1E24E52610EB}.Publish|Any CPU.ActiveCfg = Stable|Any CPU
		{D0F857EB-807D-4586-BB92-1E24E52610EB}.Publish|Any CPU.Build.0 = Stable|Any CPU
		{D0F857EB-807D-4586-BB92-1E24E52610EB}.Publish|Mixed Platforms.ActiveCfg = Stable|Any CPU
		{D0F857EB-807D-4586-BB92-1E24E52610EB}.Publish|Mixed Platforms.Build.0 = Stable|Any CPU
		{D0F857EB-807D-4586-BB92-1E24E52610EB}.Publish|x64.ActiveCfg = Stable|Any CPU
		{D0F857EB-807D-4586-BB92-1E24E52610EB}.Publish|x86.ActiveCfg = Stable|Any CPU
		{D0F857EB-807D-4586-BB92-1E24E52610EB}.Release|Any CPU.ActiveCfg = Release|Any CPU
		{D0F857EB-807D-4586-BB92-1E24E52610EB}.Release|Any CPU.Build.0 = Release|Any CPU
		{D0F857EB-807D-4586-BB92-1E24E52610EB}.Release|Mixed Platforms.ActiveCfg = Release|Any CPU
		{D0F857EB-807D-4586-BB92-1E24E52610EB}.Release|Mixed Platforms.Build.0 = Release|Any CPU
		{D0F857EB-807D-4586-BB92-1E24E52610EB}.Release|x64.ActiveCfg = Release|Any CPU
		{D0F857EB-807D-4586-BB92-1E24E52610EB}.Release|x86.ActiveCfg = Release|Any CPU
		{D0F857EB-807D-4586-BB92-1E24E52610EB}.Stable|Any CPU.ActiveCfg = Stable|Any CPU
		{D0F857EB-807D-4586-BB92-1E24E52610EB}.Stable|Any CPU.Build.0 = Stable|Any CPU
		{D0F857EB-807D-4586-BB92-1E24E52610EB}.Stable|Mixed Platforms.ActiveCfg = Release|Any CPU
		{D0F857EB-807D-4586-BB92-1E24E52610EB}.Stable|Mixed Platforms.Build.0 = Release|Any CPU
		{D0F857EB-807D-4586-BB92-1E24E52610EB}.Stable|x64.ActiveCfg = Release|Any CPU
		{D0F857EB-807D-4586-BB92-1E24E52610EB}.Stable|x86.ActiveCfg = Release|Any CPU
		{99A67563-CF9C-4629-B819-C164CF299DCC}.AlphaDebug|Any CPU.ActiveCfg = Debug|Any CPU
		{99A67563-CF9C-4629-B819-C164CF299DCC}.AlphaDebug|Any CPU.Build.0 = Debug|Any CPU
		{99A67563-CF9C-4629-B819-C164CF299DCC}.AlphaDebug|Mixed Platforms.ActiveCfg = Debug|Any CPU
		{99A67563-CF9C-4629-B819-C164CF299DCC}.AlphaDebug|Mixed Platforms.Build.0 = Debug|Any CPU
		{99A67563-CF9C-4629-B819-C164CF299DCC}.AlphaDebug|x64.ActiveCfg = Debug|Any CPU
		{99A67563-CF9C-4629-B819-C164CF299DCC}.AlphaDebug|x86.ActiveCfg = Debug|Any CPU
		{99A67563-CF9C-4629-B819-C164CF299DCC}.AlphaRelease|Any CPU.ActiveCfg = Release|Any CPU
		{99A67563-CF9C-4629-B819-C164CF299DCC}.AlphaRelease|Any CPU.Build.0 = Release|Any CPU
		{99A67563-CF9C-4629-B819-C164CF299DCC}.AlphaRelease|Mixed Platforms.ActiveCfg = Release|Any CPU
		{99A67563-CF9C-4629-B819-C164CF299DCC}.AlphaRelease|Mixed Platforms.Build.0 = Release|Any CPU
		{99A67563-CF9C-4629-B819-C164CF299DCC}.AlphaRelease|x64.ActiveCfg = Release|Any CPU
		{99A67563-CF9C-4629-B819-C164CF299DCC}.AlphaRelease|x86.ActiveCfg = Release|Any CPU
		{99A67563-CF9C-4629-B819-C164CF299DCC}.Beta|Any CPU.ActiveCfg = Beta|Any CPU
		{99A67563-CF9C-4629-B819-C164CF299DCC}.Beta|Any CPU.Build.0 = Beta|Any CPU
		{99A67563-CF9C-4629-B819-C164CF299DCC}.Beta|Mixed Platforms.ActiveCfg = Release|Any CPU
		{99A67563-CF9C-4629-B819-C164CF299DCC}.Beta|Mixed Platforms.Build.0 = Release|Any CPU
		{99A67563-CF9C-4629-B819-C164CF299DCC}.Beta|x64.ActiveCfg = Release|Any CPU
		{99A67563-CF9C-4629-B819-C164CF299DCC}.Beta|x86.ActiveCfg = Release|Any CPU
		{99A67563-CF9C-4629-B819-C164CF299DCC}.Debug|Any CPU.ActiveCfg = Debug|Any CPU
		{99A67563-CF9C-4629-B819-C164CF299DCC}.Debug|Any CPU.Build.0 = Debug|Any CPU
		{99A67563-CF9C-4629-B819-C164CF299DCC}.Debug|Mixed Platforms.ActiveCfg = Debug|Any CPU
		{99A67563-CF9C-4629-B819-C164CF299DCC}.Debug|Mixed Platforms.Build.0 = Debug|Any CPU
		{99A67563-CF9C-4629-B819-C164CF299DCC}.Debug|x64.ActiveCfg = Debug|Any CPU
		{99A67563-CF9C-4629-B819-C164CF299DCC}.Debug|x86.ActiveCfg = Debug|Any CPU
		{99A67563-CF9C-4629-B819-C164CF299DCC}.Publish|Any CPU.ActiveCfg = Stable|Any CPU
		{99A67563-CF9C-4629-B819-C164CF299DCC}.Publish|Any CPU.Build.0 = Stable|Any CPU
		{99A67563-CF9C-4629-B819-C164CF299DCC}.Publish|Mixed Platforms.ActiveCfg = Stable|Any CPU
		{99A67563-CF9C-4629-B819-C164CF299DCC}.Publish|Mixed Platforms.Build.0 = Stable|Any CPU
		{99A67563-CF9C-4629-B819-C164CF299DCC}.Publish|x64.ActiveCfg = Stable|Any CPU
		{99A67563-CF9C-4629-B819-C164CF299DCC}.Publish|x86.ActiveCfg = Stable|Any CPU
		{99A67563-CF9C-4629-B819-C164CF299DCC}.Release|Any CPU.ActiveCfg = Release|Any CPU
		{99A67563-CF9C-4629-B819-C164CF299DCC}.Release|Any CPU.Build.0 = Release|Any CPU
		{99A67563-CF9C-4629-B819-C164CF299DCC}.Release|Mixed Platforms.ActiveCfg = Release|Any CPU
		{99A67563-CF9C-4629-B819-C164CF299DCC}.Release|Mixed Platforms.Build.0 = Release|Any CPU
		{99A67563-CF9C-4629-B819-C164CF299DCC}.Release|x64.ActiveCfg = Release|Any CPU
		{99A67563-CF9C-4629-B819-C164CF299DCC}.Release|x86.ActiveCfg = Release|Any CPU
		{99A67563-CF9C-4629-B819-C164CF299DCC}.Stable|Any CPU.ActiveCfg = Stable|Any CPU
		{99A67563-CF9C-4629-B819-C164CF299DCC}.Stable|Any CPU.Build.0 = Stable|Any CPU
		{99A67563-CF9C-4629-B819-C164CF299DCC}.Stable|Mixed Platforms.ActiveCfg = Release|Any CPU
		{99A67563-CF9C-4629-B819-C164CF299DCC}.Stable|Mixed Platforms.Build.0 = Release|Any CPU
		{99A67563-CF9C-4629-B819-C164CF299DCC}.Stable|x64.ActiveCfg = Release|Any CPU
		{99A67563-CF9C-4629-B819-C164CF299DCC}.Stable|x86.ActiveCfg = Release|Any CPU
		{85B0001F-70C0-4C09-BBA2-9C5861EF5F8D}.AlphaDebug|Any CPU.ActiveCfg = Debug|Any CPU
		{85B0001F-70C0-4C09-BBA2-9C5861EF5F8D}.AlphaDebug|Any CPU.Build.0 = Debug|Any CPU
		{85B0001F-70C0-4C09-BBA2-9C5861EF5F8D}.AlphaDebug|Mixed Platforms.ActiveCfg = Debug|Any CPU
		{85B0001F-70C0-4C09-BBA2-9C5861EF5F8D}.AlphaDebug|Mixed Platforms.Build.0 = Debug|Any CPU
		{85B0001F-70C0-4C09-BBA2-9C5861EF5F8D}.AlphaDebug|x64.ActiveCfg = Debug|Any CPU
		{85B0001F-70C0-4C09-BBA2-9C5861EF5F8D}.AlphaDebug|x86.ActiveCfg = Debug|Any CPU
		{85B0001F-70C0-4C09-BBA2-9C5861EF5F8D}.AlphaRelease|Any CPU.ActiveCfg = Release|Any CPU
		{85B0001F-70C0-4C09-BBA2-9C5861EF5F8D}.AlphaRelease|Any CPU.Build.0 = Release|Any CPU
		{85B0001F-70C0-4C09-BBA2-9C5861EF5F8D}.AlphaRelease|Mixed Platforms.ActiveCfg = Release|Any CPU
		{85B0001F-70C0-4C09-BBA2-9C5861EF5F8D}.AlphaRelease|Mixed Platforms.Build.0 = Release|Any CPU
		{85B0001F-70C0-4C09-BBA2-9C5861EF5F8D}.AlphaRelease|x64.ActiveCfg = Release|Any CPU
		{85B0001F-70C0-4C09-BBA2-9C5861EF5F8D}.AlphaRelease|x86.ActiveCfg = Release|Any CPU
		{85B0001F-70C0-4C09-BBA2-9C5861EF5F8D}.Beta|Any CPU.ActiveCfg = Beta|Any CPU
		{85B0001F-70C0-4C09-BBA2-9C5861EF5F8D}.Beta|Any CPU.Build.0 = Beta|Any CPU
		{85B0001F-70C0-4C09-BBA2-9C5861EF5F8D}.Beta|Mixed Platforms.ActiveCfg = Release|Any CPU
		{85B0001F-70C0-4C09-BBA2-9C5861EF5F8D}.Beta|Mixed Platforms.Build.0 = Release|Any CPU
		{85B0001F-70C0-4C09-BBA2-9C5861EF5F8D}.Beta|x64.ActiveCfg = Release|Any CPU
		{85B0001F-70C0-4C09-BBA2-9C5861EF5F8D}.Beta|x86.ActiveCfg = Release|Any CPU
		{85B0001F-70C0-4C09-BBA2-9C5861EF5F8D}.Debug|Any CPU.ActiveCfg = Debug|Any CPU
		{85B0001F-70C0-4C09-BBA2-9C5861EF5F8D}.Debug|Any CPU.Build.0 = Debug|Any CPU
		{85B0001F-70C0-4C09-BBA2-9C5861EF5F8D}.Debug|Mixed Platforms.ActiveCfg = Debug|Any CPU
		{85B0001F-70C0-4C09-BBA2-9C5861EF5F8D}.Debug|Mixed Platforms.Build.0 = Debug|Any CPU
		{85B0001F-70C0-4C09-BBA2-9C5861EF5F8D}.Debug|x64.ActiveCfg = Debug|Any CPU
		{85B0001F-70C0-4C09-BBA2-9C5861EF5F8D}.Debug|x86.ActiveCfg = Debug|Any CPU
		{85B0001F-70C0-4C09-BBA2-9C5861EF5F8D}.Publish|Any CPU.ActiveCfg = Stable|Any CPU
		{85B0001F-70C0-4C09-BBA2-9C5861EF5F8D}.Publish|Any CPU.Build.0 = Stable|Any CPU
		{85B0001F-70C0-4C09-BBA2-9C5861EF5F8D}.Publish|Mixed Platforms.ActiveCfg = Stable|Any CPU
		{85B0001F-70C0-4C09-BBA2-9C5861EF5F8D}.Publish|Mixed Platforms.Build.0 = Stable|Any CPU
		{85B0001F-70C0-4C09-BBA2-9C5861EF5F8D}.Publish|x64.ActiveCfg = Stable|Any CPU
		{85B0001F-70C0-4C09-BBA2-9C5861EF5F8D}.Publish|x86.ActiveCfg = Stable|Any CPU
		{85B0001F-70C0-4C09-BBA2-9C5861EF5F8D}.Release|Any CPU.ActiveCfg = Release|Any CPU
		{85B0001F-70C0-4C09-BBA2-9C5861EF5F8D}.Release|Any CPU.Build.0 = Release|Any CPU
		{85B0001F-70C0-4C09-BBA2-9C5861EF5F8D}.Release|Mixed Platforms.ActiveCfg = Release|Any CPU
		{85B0001F-70C0-4C09-BBA2-9C5861EF5F8D}.Release|Mixed Platforms.Build.0 = Release|Any CPU
		{85B0001F-70C0-4C09-BBA2-9C5861EF5F8D}.Release|x64.ActiveCfg = Release|Any CPU
		{85B0001F-70C0-4C09-BBA2-9C5861EF5F8D}.Release|x86.ActiveCfg = Release|Any CPU
		{85B0001F-70C0-4C09-BBA2-9C5861EF5F8D}.Stable|Any CPU.ActiveCfg = Stable|Any CPU
		{85B0001F-70C0-4C09-BBA2-9C5861EF5F8D}.Stable|Any CPU.Build.0 = Stable|Any CPU
		{85B0001F-70C0-4C09-BBA2-9C5861EF5F8D}.Stable|Mixed Platforms.ActiveCfg = Release|Any CPU
		{85B0001F-70C0-4C09-BBA2-9C5861EF5F8D}.Stable|Mixed Platforms.Build.0 = Release|Any CPU
		{85B0001F-70C0-4C09-BBA2-9C5861EF5F8D}.Stable|x64.ActiveCfg = Release|Any CPU
		{85B0001F-70C0-4C09-BBA2-9C5861EF5F8D}.Stable|x86.ActiveCfg = Release|Any CPU
		{C2591795-C58C-4B9A-A1DD-38669C0B0B3D}.AlphaDebug|Any CPU.ActiveCfg = Debug|Any CPU
		{C2591795-C58C-4B9A-A1DD-38669C0B0B3D}.AlphaDebug|Any CPU.Build.0 = Debug|Any CPU
		{C2591795-C58C-4B9A-A1DD-38669C0B0B3D}.AlphaDebug|Mixed Platforms.ActiveCfg = Debug|Any CPU
		{C2591795-C58C-4B9A-A1DD-38669C0B0B3D}.AlphaDebug|Mixed Platforms.Build.0 = Debug|Any CPU
		{C2591795-C58C-4B9A-A1DD-38669C0B0B3D}.AlphaDebug|x64.ActiveCfg = Debug|Any CPU
		{C2591795-C58C-4B9A-A1DD-38669C0B0B3D}.AlphaDebug|x86.ActiveCfg = Debug|Any CPU
		{C2591795-C58C-4B9A-A1DD-38669C0B0B3D}.AlphaRelease|Any CPU.ActiveCfg = Release|Any CPU
		{C2591795-C58C-4B9A-A1DD-38669C0B0B3D}.AlphaRelease|Any CPU.Build.0 = Release|Any CPU
		{C2591795-C58C-4B9A-A1DD-38669C0B0B3D}.AlphaRelease|Mixed Platforms.ActiveCfg = Release|Any CPU
		{C2591795-C58C-4B9A-A1DD-38669C0B0B3D}.AlphaRelease|Mixed Platforms.Build.0 = Release|Any CPU
		{C2591795-C58C-4B9A-A1DD-38669C0B0B3D}.AlphaRelease|x64.ActiveCfg = Release|Any CPU
		{C2591795-C58C-4B9A-A1DD-38669C0B0B3D}.AlphaRelease|x86.ActiveCfg = Release|Any CPU
		{C2591795-C58C-4B9A-A1DD-38669C0B0B3D}.Beta|Any CPU.ActiveCfg = Release|Any CPU
		{C2591795-C58C-4B9A-A1DD-38669C0B0B3D}.Beta|Any CPU.Build.0 = Release|Any CPU
		{C2591795-C58C-4B9A-A1DD-38669C0B0B3D}.Beta|Mixed Platforms.ActiveCfg = Release|Any CPU
		{C2591795-C58C-4B9A-A1DD-38669C0B0B3D}.Beta|Mixed Platforms.Build.0 = Release|Any CPU
		{C2591795-C58C-4B9A-A1DD-38669C0B0B3D}.Beta|x64.ActiveCfg = Release|Any CPU
		{C2591795-C58C-4B9A-A1DD-38669C0B0B3D}.Beta|x86.ActiveCfg = Release|Any CPU
		{C2591795-C58C-4B9A-A1DD-38669C0B0B3D}.Debug|Any CPU.ActiveCfg = Debug|Any CPU
		{C2591795-C58C-4B9A-A1DD-38669C0B0B3D}.Debug|Any CPU.Build.0 = Debug|Any CPU
		{C2591795-C58C-4B9A-A1DD-38669C0B0B3D}.Debug|Mixed Platforms.ActiveCfg = Debug|Any CPU
		{C2591795-C58C-4B9A-A1DD-38669C0B0B3D}.Debug|Mixed Platforms.Build.0 = Debug|Any CPU
		{C2591795-C58C-4B9A-A1DD-38669C0B0B3D}.Debug|x64.ActiveCfg = Debug|Any CPU
		{C2591795-C58C-4B9A-A1DD-38669C0B0B3D}.Debug|x86.ActiveCfg = Debug|Any CPU
		{C2591795-C58C-4B9A-A1DD-38669C0B0B3D}.Publish|Any CPU.ActiveCfg = Release|Any CPU
		{C2591795-C58C-4B9A-A1DD-38669C0B0B3D}.Publish|Any CPU.Build.0 = Release|Any CPU
		{C2591795-C58C-4B9A-A1DD-38669C0B0B3D}.Publish|Mixed Platforms.ActiveCfg = Release|Any CPU
		{C2591795-C58C-4B9A-A1DD-38669C0B0B3D}.Publish|Mixed Platforms.Build.0 = Release|Any CPU
		{C2591795-C58C-4B9A-A1DD-38669C0B0B3D}.Publish|x64.ActiveCfg = Release|Any CPU
		{C2591795-C58C-4B9A-A1DD-38669C0B0B3D}.Publish|x86.ActiveCfg = Release|Any CPU
		{C2591795-C58C-4B9A-A1DD-38669C0B0B3D}.Release|Any CPU.ActiveCfg = Release|Any CPU
		{C2591795-C58C-4B9A-A1DD-38669C0B0B3D}.Release|Any CPU.Build.0 = Release|Any CPU
		{C2591795-C58C-4B9A-A1DD-38669C0B0B3D}.Release|Mixed Platforms.ActiveCfg = Release|Any CPU
		{C2591795-C58C-4B9A-A1DD-38669C0B0B3D}.Release|Mixed Platforms.Build.0 = Release|Any CPU
		{C2591795-C58C-4B9A-A1DD-38669C0B0B3D}.Release|x64.ActiveCfg = Release|Any CPU
		{C2591795-C58C-4B9A-A1DD-38669C0B0B3D}.Release|x86.ActiveCfg = Release|Any CPU
		{C2591795-C58C-4B9A-A1DD-38669C0B0B3D}.Stable|Any CPU.ActiveCfg = Release|Any CPU
		{C2591795-C58C-4B9A-A1DD-38669C0B0B3D}.Stable|Any CPU.Build.0 = Release|Any CPU
		{C2591795-C58C-4B9A-A1DD-38669C0B0B3D}.Stable|Mixed Platforms.ActiveCfg = Release|Any CPU
		{C2591795-C58C-4B9A-A1DD-38669C0B0B3D}.Stable|Mixed Platforms.Build.0 = Release|Any CPU
		{C2591795-C58C-4B9A-A1DD-38669C0B0B3D}.Stable|x64.ActiveCfg = Release|Any CPU
		{C2591795-C58C-4B9A-A1DD-38669C0B0B3D}.Stable|x86.ActiveCfg = Release|Any CPU
		{C8867A15-9144-48FD-8816-0283FDB38C6B}.AlphaDebug|Any CPU.ActiveCfg = Debug|Any CPU
		{C8867A15-9144-48FD-8816-0283FDB38C6B}.AlphaDebug|Any CPU.Build.0 = Debug|Any CPU
		{C8867A15-9144-48FD-8816-0283FDB38C6B}.AlphaDebug|Mixed Platforms.ActiveCfg = Debug|Any CPU
		{C8867A15-9144-48FD-8816-0283FDB38C6B}.AlphaDebug|Mixed Platforms.Build.0 = Debug|Any CPU
		{C8867A15-9144-48FD-8816-0283FDB38C6B}.AlphaDebug|x64.ActiveCfg = Debug|Any CPU
		{C8867A15-9144-48FD-8816-0283FDB38C6B}.AlphaDebug|x86.ActiveCfg = Debug|Any CPU
		{C8867A15-9144-48FD-8816-0283FDB38C6B}.AlphaRelease|Any CPU.ActiveCfg = Release|Any CPU
		{C8867A15-9144-48FD-8816-0283FDB38C6B}.AlphaRelease|Any CPU.Build.0 = Release|Any CPU
		{C8867A15-9144-48FD-8816-0283FDB38C6B}.AlphaRelease|Mixed Platforms.ActiveCfg = Release|Any CPU
		{C8867A15-9144-48FD-8816-0283FDB38C6B}.AlphaRelease|Mixed Platforms.Build.0 = Release|Any CPU
		{C8867A15-9144-48FD-8816-0283FDB38C6B}.AlphaRelease|x64.ActiveCfg = Release|Any CPU
		{C8867A15-9144-48FD-8816-0283FDB38C6B}.AlphaRelease|x86.ActiveCfg = Release|Any CPU
		{C8867A15-9144-48FD-8816-0283FDB38C6B}.Beta|Any CPU.ActiveCfg = Release|Any CPU
		{C8867A15-9144-48FD-8816-0283FDB38C6B}.Beta|Any CPU.Build.0 = Release|Any CPU
		{C8867A15-9144-48FD-8816-0283FDB38C6B}.Beta|Mixed Platforms.ActiveCfg = Release|Any CPU
		{C8867A15-9144-48FD-8816-0283FDB38C6B}.Beta|Mixed Platforms.Build.0 = Release|Any CPU
		{C8867A15-9144-48FD-8816-0283FDB38C6B}.Beta|x64.ActiveCfg = Release|Any CPU
		{C8867A15-9144-48FD-8816-0283FDB38C6B}.Beta|x86.ActiveCfg = Release|Any CPU
		{C8867A15-9144-48FD-8816-0283FDB38C6B}.Debug|Any CPU.ActiveCfg = Debug|Any CPU
		{C8867A15-9144-48FD-8816-0283FDB38C6B}.Debug|Any CPU.Build.0 = Debug|Any CPU
		{C8867A15-9144-48FD-8816-0283FDB38C6B}.Debug|Mixed Platforms.ActiveCfg = Debug|Any CPU
		{C8867A15-9144-48FD-8816-0283FDB38C6B}.Debug|Mixed Platforms.Build.0 = Debug|Any CPU
		{C8867A15-9144-48FD-8816-0283FDB38C6B}.Debug|x64.ActiveCfg = Debug|Any CPU
		{C8867A15-9144-48FD-8816-0283FDB38C6B}.Debug|x86.ActiveCfg = Debug|Any CPU
		{C8867A15-9144-48FD-8816-0283FDB38C6B}.Publish|Any CPU.ActiveCfg = Release|Any CPU
		{C8867A15-9144-48FD-8816-0283FDB38C6B}.Publish|Any CPU.Build.0 = Release|Any CPU
		{C8867A15-9144-48FD-8816-0283FDB38C6B}.Publish|Mixed Platforms.ActiveCfg = Release|Any CPU
		{C8867A15-9144-48FD-8816-0283FDB38C6B}.Publish|Mixed Platforms.Build.0 = Release|Any CPU
		{C8867A15-9144-48FD-8816-0283FDB38C6B}.Publish|x64.ActiveCfg = Release|Any CPU
		{C8867A15-9144-48FD-8816-0283FDB38C6B}.Publish|x86.ActiveCfg = Release|Any CPU
		{C8867A15-9144-48FD-8816-0283FDB38C6B}.Release|Any CPU.ActiveCfg = Release|Any CPU
		{C8867A15-9144-48FD-8816-0283FDB38C6B}.Release|Any CPU.Build.0 = Release|Any CPU
		{C8867A15-9144-48FD-8816-0283FDB38C6B}.Release|Mixed Platforms.ActiveCfg = Release|Any CPU
		{C8867A15-9144-48FD-8816-0283FDB38C6B}.Release|Mixed Platforms.Build.0 = Release|Any CPU
		{C8867A15-9144-48FD-8816-0283FDB38C6B}.Release|x64.ActiveCfg = Release|Any CPU
		{C8867A15-9144-48FD-8816-0283FDB38C6B}.Release|x86.ActiveCfg = Release|Any CPU
		{C8867A15-9144-48FD-8816-0283FDB38C6B}.Stable|Any CPU.ActiveCfg = Release|Any CPU
		{C8867A15-9144-48FD-8816-0283FDB38C6B}.Stable|Any CPU.Build.0 = Release|Any CPU
		{C8867A15-9144-48FD-8816-0283FDB38C6B}.Stable|Mixed Platforms.ActiveCfg = Release|Any CPU
		{C8867A15-9144-48FD-8816-0283FDB38C6B}.Stable|Mixed Platforms.Build.0 = Release|Any CPU
		{C8867A15-9144-48FD-8816-0283FDB38C6B}.Stable|x64.ActiveCfg = Release|Any CPU
		{C8867A15-9144-48FD-8816-0283FDB38C6B}.Stable|x86.ActiveCfg = Release|Any CPU
	EndGlobalSection
	GlobalSection(SolutionProperties) = preSolution
		HideSolutionNode = FALSE
	EndGlobalSection
	GlobalSection(NestedProjects) = preSolution
		{61F1FEBB-E029-421E-AC7B-2AD690481263} = {47AF0E68-0BE1-4F8A-81DC-7F44A62541DC}
		{A0582342-9C11-42E4-B8B3-9A2FF003CE57} = {49F37C7E-52B8-4E16-B8F8-AE4ABF1D3A07}
		{DB1DA2F1-9EC8-4D87-B82E-230E1F4CB788} = {49F37C7E-52B8-4E16-B8F8-AE4ABF1D3A07}
		{BD067AFD-A43A-43B7-A5DB-4046B225D2FE} = {49F37C7E-52B8-4E16-B8F8-AE4ABF1D3A07}
		{18FEDA0C-D147-4286-B39A-01204808106A} = {49F37C7E-52B8-4E16-B8F8-AE4ABF1D3A07}
		{CF27F44E-BB28-46F1-ABC7-90C332F7A880} = {49F37C7E-52B8-4E16-B8F8-AE4ABF1D3A07}
		{05F47F92-65AB-4067-BEA7-603BD5FB96F1} = {49F37C7E-52B8-4E16-B8F8-AE4ABF1D3A07}
		{AD7B3D41-714A-4905-A0E8-1CEC609684E7} = {47AF0E68-0BE1-4F8A-81DC-7F44A62541DC}
		{715B9853-77F8-4B08-B68C-635C06BCB931} = {5B5A9575-62C9-40A9-8FF2-6036D5EC1634}
		{605006EB-D4E6-4312-A293-3A43FAC43240} = {49F37C7E-52B8-4E16-B8F8-AE4ABF1D3A07}
		{9F6E530A-4B87-4C95-9CA7-6A74E7C1EA32} = {0C6C1E8D-0B6F-48F8-A24F-2AD77BD721CD}
		{47400663-BB43-4963-90F7-935A90D0F0A0} = {49F37C7E-52B8-4E16-B8F8-AE4ABF1D3A07}
		{E2EE1D96-3C4E-4BB9-BDF1-35151C62F0A0} = {49F37C7E-52B8-4E16-B8F8-AE4ABF1D3A07}
		{D0F857EB-807D-4586-BB92-1E24E52610EB} = {49F37C7E-52B8-4E16-B8F8-AE4ABF1D3A07}
		{99A67563-CF9C-4629-B819-C164CF299DCC} = {49F37C7E-52B8-4E16-B8F8-AE4ABF1D3A07}
		{85B0001F-70C0-4C09-BBA2-9C5861EF5F8D} = {49F37C7E-52B8-4E16-B8F8-AE4ABF1D3A07}
		{C2591795-C58C-4B9A-A1DD-38669C0B0B3D} = {74A6E026-6487-41F2-A886-1221BE2E0081}
		{C8867A15-9144-48FD-8816-0283FDB38C6B} = {74A6E026-6487-41F2-A886-1221BE2E0081}
	EndGlobalSection
EndGlobal
