
Microsoft Visual Studio Solution File, Format Version 11.00
# Visual C# Express 2010
Project("{FAE04EC0-301F-11D3-BF4B-00C04F79EFBC}") = "HSLColor", "HSLColor\HSLColor.csproj", "{A0582342-9C11-42E4-B8B3-9A2FF003CE57}"
EndProject
Project("{FAE04EC0-301F-11D3-BF4B-00C04F79EFBC}") = "HSLColor_tester", "HSLColor_tester\HSLColor_tester.csproj", "{761432B6-FFDE-42F2-88E4-6362ED4DD52E}"
EndProject
Global
	GlobalSection(SolutionConfigurationPlatforms) = preSolution
		Debug|Any CPU = Debug|Any CPU
		Debug|Mixed Platforms = Debug|Mixed Platforms
		Debug|x86 = Debug|x86
		Release|Any CPU = Release|Any CPU
		Release|Mixed Platforms = Release|Mixed Platforms
		Release|x86 = Release|x86
	EndGlobalSection
	GlobalSection(ProjectConfigurationPlatforms) = postSolution
		{A0582342-9C11-42E4-B8B3-9A2FF003CE57}.Debug|Any CPU.ActiveCfg = Debug|Any CPU
		{A0582342-9C11-42E4-B8B3-9A2FF003CE57}.Debug|Any CPU.Build.0 = Debug|Any CPU
		{A0582342-9C11-42E4-B8B3-9A2FF003CE57}.Debug|Mixed Platforms.ActiveCfg = Debug|Any CPU
		{A0582342-9C11-42E4-B8B3-9A2FF003CE57}.Debug|Mixed Platforms.Build.0 = Debug|Any CPU
		{A0582342-9C11-42E4-B8B3-9A2FF003CE57}.Debug|x86.ActiveCfg = Debug|Any CPU
		{A0582342-9C11-42E4-B8B3-9A2FF003CE57}.Release|Any CPU.ActiveCfg = Release|Any CPU
		{A0582342-9C11-42E4-B8B3-9A2FF003CE57}.Release|Any CPU.Build.0 = Release|Any CPU
		{A0582342-9C11-42E4-B8B3-9A2FF003CE57}.Release|Mixed Platforms.ActiveCfg = Release|Any CPU
		{A0582342-9C11-42E4-B8B3-9A2FF003CE57}.Release|Mixed Platforms.Build.0 = Release|Any CPU
		{A0582342-9C11-42E4-B8B3-9A2FF003CE57}.Release|x86.ActiveCfg = Release|Any CPU
		{761432B6-FFDE-42F2-88E4-6362ED4DD52E}.Debug|Any CPU.ActiveCfg = Debug|x86
		{761432B6-FFDE-42F2-88E4-6362ED4DD52E}.Debug|Mixed Platforms.ActiveCfg = Debug|x86
		{761432B6-FFDE-42F2-88E4-6362ED4DD52E}.Debug|Mixed Platforms.Build.0 = Debug|x86
		{761432B6-FFDE-42F2-88E4-6362ED4DD52E}.Debug|x86.ActiveCfg = Debug|x86
		{761432B6-FFDE-42F2-88E4-6362ED4DD52E}.Debug|x86.Build.0 = Debug|x86
		{761432B6-FFDE-42F2-88E4-6362ED4DD52E}.Release|Any CPU.ActiveCfg = Release|x86
		{761432B6-FFDE-42F2-88E4-6362ED4DD52E}.Release|Mixed Platforms.ActiveCfg = Release|x86
		{761432B6-FFDE-42F2-88E4-6362ED4DD52E}.Release|Mixed Platforms.Build.0 = Release|x86
		{761432B6-FFDE-42F2-88E4-6362ED4DD52E}.Release|x86.ActiveCfg = Release|x86
		{761432B6-FFDE-42F2-88E4-6362ED4DD52E}.Release|x86.Build.0 = Release|x86
	EndGlobalSection
	GlobalSection(SolutionProperties) = preSolution
		HideSolutionNode = FALSE
	EndGlobalSection
EndGlobal
